// !$*UTF8*$!
{
	archiveVersion = 1;
	classes = {
	};
	objectVersion = 46;
	objects = {

/* Begin PBXBuildFile section */
		3A44877E1D1E857B00BD9CB5 /* OtherTests.m in Sources */ = {isa = PBXBuildFile; fileRef = 3A44877D1D1E857B00BD9CB5 /* OtherTests.m */; };
		3A7C48042101DA440040B6A4 /* RawQueryTests.m in Sources */ = {isa = PBXBuildFile; fileRef = 3A7C48032101DA440040B6A4 /* RawQueryTests.m */; };
		3A9B3ADF210820A30078CE8F /* SharkSyncChanges.m in Sources */ = {isa = PBXBuildFile; fileRef = 3A9B3ADE210820A30078CE8F /* SharkSyncChanges.m */; };
		3AECC6CB215D28A500D2870A /* SharkSyncChanges.m in Sources */ = {isa = PBXBuildFile; fileRef = 3AECC6C9215D28A400D2870A /* SharkSyncChanges.m */; };
		3AECC6CC215D28A500D2870A /* SharkSyncChanges+Private.h in Headers */ = {isa = PBXBuildFile; fileRef = 3AECC6CA215D28A500D2870A /* SharkSyncChanges+Private.h */; };
		3AF3C9A020FF7D5900D50B5E /* SyncTest.m in Sources */ = {isa = PBXBuildFile; fileRef = 3AF3C99E20FF7D5900D50B5E /* SyncTest.m */; };
		3AF3C9A320FF7D8C00D50B5E /* PersonSync.m in Sources */ = {isa = PBXBuildFile; fileRef = 3AF3C9A120FF7D8C00D50B5E /* PersonSync.m */; };
		3AF67F6520FEF9140013FA97 /* SRKTransaction+Private.h in Headers */ = {isa = PBXBuildFile; fileRef = 3AF67EFD20FEF9140013FA97 /* SRKTransaction+Private.h */; };
		3AF67F6620FEF9140013FA97 /* SRKIndexDefinition+Private.h in Headers */ = {isa = PBXBuildFile; fileRef = 3AF67EFE20FEF9140013FA97 /* SRKIndexDefinition+Private.h */; };
		3AF67F6720FEF9140013FA97 /* SRKCommitOptions+Private.h in Headers */ = {isa = PBXBuildFile; fileRef = 3AF67EFF20FEF9140013FA97 /* SRKCommitOptions+Private.h */; };
		3AF67F6820FEF9140013FA97 /* SRKResultSet+Private.h in Headers */ = {isa = PBXBuildFile; fileRef = 3AF67F0020FEF9140013FA97 /* SRKResultSet+Private.h */; };
		3AF67F6920FEF9140013FA97 /* SRKEntity+Private.h in Headers */ = {isa = PBXBuildFile; fileRef = 3AF67F0120FEF9140013FA97 /* SRKEntity+Private.h */; };
		3AF67F6A20FEF9140013FA97 /* SRKCompoundIndex+Private.h in Headers */ = {isa = PBXBuildFile; fileRef = 3AF67F0220FEF9140013FA97 /* SRKCompoundIndex+Private.h */; };
		3AF67F6B20FEF9140013FA97 /* SharkORM+Private.h in Headers */ = {isa = PBXBuildFile; fileRef = 3AF67F0320FEF9140013FA97 /* SharkORM+Private.h */; };
		3AF67F6C20FEF9140013FA97 /* SRKEventHandler+Private.h in Headers */ = {isa = PBXBuildFile; fileRef = 3AF67F0420FEF9140013FA97 /* SRKEventHandler+Private.h */; };
		3AF67F6D20FEF9140013FA97 /* SRKQuery+Private.h in Headers */ = {isa = PBXBuildFile; fileRef = 3AF67F0520FEF9140013FA97 /* SRKQuery+Private.h */; };
		3AF67F6E20FEF9140013FA97 /* SRKQueryAsyncHandler+Private.h in Headers */ = {isa = PBXBuildFile; fileRef = 3AF67F0620FEF9140013FA97 /* SRKQueryAsyncHandler+Private.h */; };
		3AF67F6F20FEF9140013FA97 /* SharkSync+Private.h in Headers */ = {isa = PBXBuildFile; fileRef = 3AF67F0820FEF9140013FA97 /* SharkSync+Private.h */; };
		3AF67F7020FEF9140013FA97 /* SRKSyncRegisteredClass.h in Headers */ = {isa = PBXBuildFile; fileRef = 3AF67F0920FEF9140013FA97 /* SRKSyncRegisteredClass.h */; };
		3AF67F7120FEF9140013FA97 /* SRKSyncObject.m in Sources */ = {isa = PBXBuildFile; fileRef = 3AF67F0A20FEF9140013FA97 /* SRKSyncObject.m */; };
		3AF67F7220FEF9140013FA97 /* SRKDeferredChange.m in Sources */ = {isa = PBXBuildFile; fileRef = 3AF67F0B20FEF9140013FA97 /* SRKDeferredChange.m */; };
		3AF67F7320FEF9140013FA97 /* SharkSyncChange.m in Sources */ = {isa = PBXBuildFile; fileRef = 3AF67F0C20FEF9140013FA97 /* SharkSyncChange.m */; };
		3AF67F7420FEF9140013FA97 /* SRKDefunctObject.h in Headers */ = {isa = PBXBuildFile; fileRef = 3AF67F0D20FEF9140013FA97 /* SRKDefunctObject.h */; };
		3AF67F7520FEF9140013FA97 /* SRKSyncOptions.m in Sources */ = {isa = PBXBuildFile; fileRef = 3AF67F0E20FEF9140013FA97 /* SRKSyncOptions.m */; };
		3AF67F7620FEF9140013FA97 /* SyncService.h in Headers */ = {isa = PBXBuildFile; fileRef = 3AF67F1020FEF9140013FA97 /* SyncService.h */; };
		3AF67F7720FEF9140013FA97 /* SyncComms.m in Sources */ = {isa = PBXBuildFile; fileRef = 3AF67F1120FEF9140013FA97 /* SyncComms.m */; };
		3AF67F7820FEF9140013FA97 /* SyncRequest.m in Sources */ = {isa = PBXBuildFile; fileRef = 3AF67F1220FEF9140013FA97 /* SyncRequest.m */; };
		3AF67F7920FEF9140013FA97 /* SyncNetwork.m in Sources */ = {isa = PBXBuildFile; fileRef = 3AF67F1320FEF9140013FA97 /* SyncNetwork.m */; };
		3AF67F7A20FEF9140013FA97 /* SRKSyncNodesList.m in Sources */ = {isa = PBXBuildFile; fileRef = 3AF67F1420FEF9140013FA97 /* SRKSyncNodesList.m */; };
		3AF67F7B20FEF9140013FA97 /* SyncRequest.h in Headers */ = {isa = PBXBuildFile; fileRef = 3AF67F1520FEF9140013FA97 /* SyncRequest.h */; };
		3AF67F7C20FEF9140013FA97 /* SyncComms.h in Headers */ = {isa = PBXBuildFile; fileRef = 3AF67F1620FEF9140013FA97 /* SyncComms.h */; };
		3AF67F7D20FEF9140013FA97 /* SyncService.m in Sources */ = {isa = PBXBuildFile; fileRef = 3AF67F1720FEF9140013FA97 /* SyncService.m */; };
		3AF67F7E20FEF9140013FA97 /* SyncNetwork.h in Headers */ = {isa = PBXBuildFile; fileRef = 3AF67F1820FEF9140013FA97 /* SyncNetwork.h */; };
		3AF67F7F20FEF9140013FA97 /* SRKSyncNodesList.h in Headers */ = {isa = PBXBuildFile; fileRef = 3AF67F1920FEF9140013FA97 /* SRKSyncNodesList.h */; };
		3AF67F8020FEF9140013FA97 /* SharkSyncGroup.h in Headers */ = {isa = PBXBuildFile; fileRef = 3AF67F1A20FEF9140013FA97 /* SharkSyncGroup.h */; };
		3AF67F8120FEF9140013FA97 /* SRKSyncRegisteredClass.m in Sources */ = {isa = PBXBuildFile; fileRef = 3AF67F1B20FEF9140013FA97 /* SRKSyncRegisteredClass.m */; };
		3AF67F8220FEF9140013FA97 /* SharkSync.m in Sources */ = {isa = PBXBuildFile; fileRef = 3AF67F1C20FEF9140013FA97 /* SharkSync.m */; };
		3AF67F8320FEF9140013FA97 /* SRKDeferredChange.h in Headers */ = {isa = PBXBuildFile; fileRef = 3AF67F1D20FEF9140013FA97 /* SRKDeferredChange.h */; };
		3AF67F8420FEF9140013FA97 /* SRKSyncOptions.h in Headers */ = {isa = PBXBuildFile; fileRef = 3AF67F1E20FEF9140013FA97 /* SRKSyncOptions.h */; };
		3AF67F8520FEF9140013FA97 /* SRKDefunctObject.m in Sources */ = {isa = PBXBuildFile; fileRef = 3AF67F1F20FEF9140013FA97 /* SRKDefunctObject.m */; };
		3AF67F8620FEF9140013FA97 /* SharkSyncChange.h in Headers */ = {isa = PBXBuildFile; fileRef = 3AF67F2020FEF9140013FA97 /* SharkSyncChange.h */; };
		3AF67F8720FEF9140013FA97 /* SharkSyncGroup.m in Sources */ = {isa = PBXBuildFile; fileRef = 3AF67F2120FEF9140013FA97 /* SharkSyncGroup.m */; };
		3AF67F8820FEF9140013FA97 /* SRKSyncObject+Private.h in Headers */ = {isa = PBXBuildFile; fileRef = 3AF67F2220FEF9140013FA97 /* SRKSyncObject+Private.h */; };
		3AF67F8920FEF9140013FA97 /* SharkORM.h in Headers */ = {isa = PBXBuildFile; fileRef = 3AF67F2320FEF9140013FA97 /* SharkORM.h */; settings = {ATTRIBUTES = (Public, ); }; };
		3AF67F8A20FEF9140013FA97 /* sqlite3.c in Sources */ = {isa = PBXBuildFile; fileRef = 3AF67F2520FEF9140013FA97 /* sqlite3.c */; };
		3AF67F8B20FEF9140013FA97 /* sqlite mods.txt in Resources */ = {isa = PBXBuildFile; fileRef = 3AF67F2620FEF9140013FA97 /* sqlite mods.txt */; };
		3AF67F8C20FEF9140013FA97 /* sqlite3.h in Headers */ = {isa = PBXBuildFile; fileRef = 3AF67F2720FEF9140013FA97 /* sqlite3.h */; };
		3AF67F8D20FEF9140013FA97 /* sqlite3ext.h in Headers */ = {isa = PBXBuildFile; fileRef = 3AF67F2820FEF9140013FA97 /* sqlite3ext.h */; };
		3AF67F8E20FEF9140013FA97 /* SharkORM.m in Sources */ = {isa = PBXBuildFile; fileRef = 3AF67F2A20FEF9140013FA97 /* SharkORM.m */; };
		3AF67F8F20FEF9140013FA97 /* SRKLazyLoader.m in Sources */ = {isa = PBXBuildFile; fileRef = 3AF67F2B20FEF9140013FA97 /* SRKLazyLoader.m */; };
		3AF67F9020FEF9140013FA97 /* SRKUtilities.m in Sources */ = {isa = PBXBuildFile; fileRef = 3AF67F2C20FEF9140013FA97 /* SRKUtilities.m */; };
		3AF67F9120FEF9140013FA97 /* SharkSchemaManager.h in Headers */ = {isa = PBXBuildFile; fileRef = 3AF67F2D20FEF9140013FA97 /* SharkSchemaManager.h */; };
		3AF67F9220FEF9140013FA97 /* SRKRelationship.m in Sources */ = {isa = PBXBuildFile; fileRef = 3AF67F2E20FEF9140013FA97 /* SRKRelationship.m */; };
		3AF67F9320FEF9140013FA97 /* SRKJoinObject.m in Sources */ = {isa = PBXBuildFile; fileRef = 3AF67F3020FEF9140013FA97 /* SRKJoinObject.m */; };
		3AF67F9420FEF9140013FA97 /* SRKQueryProfile.m in Sources */ = {isa = PBXBuildFile; fileRef = 3AF67F3120FEF9140013FA97 /* SRKQueryProfile.m */; };
		3AF67F9520FEF9140013FA97 /* SRKJoinObject.h in Headers */ = {isa = PBXBuildFile; fileRef = 3AF67F3220FEF9140013FA97 /* SRKJoinObject.h */; };
		3AF67F9620FEF9140013FA97 /* SRKQueryAsyncHandler.m in Sources */ = {isa = PBXBuildFile; fileRef = 3AF67F3320FEF9140013FA97 /* SRKQueryAsyncHandler.m */; };
		3AF67F9720FEF9140013FA97 /* SRKQuery.m in Sources */ = {isa = PBXBuildFile; fileRef = 3AF67F3420FEF9140013FA97 /* SRKQuery.m */; };
		3AF67F9820FEF9140013FA97 /* SRKSQLiteHandle.h in Headers */ = {isa = PBXBuildFile; fileRef = 3AF67F3520FEF9140013FA97 /* SRKSQLiteHandle.h */; };
		3AF67F9920FEF9140013FA97 /* SRKDefinitions.h in Headers */ = {isa = PBXBuildFile; fileRef = 3AF67F3620FEF9140013FA97 /* SRKDefinitions.h */; };
		3AF67F9A20FEF9140013FA97 /* SRKGlobals.m in Sources */ = {isa = PBXBuildFile; fileRef = 3AF67F3720FEF9140013FA97 /* SRKGlobals.m */; };
		3AF67F9B20FEF9140013FA97 /* SRKError.m in Sources */ = {isa = PBXBuildFile; fileRef = 3AF67F3820FEF9140013FA97 /* SRKError.m */; };
		3AF67F9C20FEF9140013FA97 /* SRKSettings.m in Sources */ = {isa = PBXBuildFile; fileRef = 3AF67F3920FEF9140013FA97 /* SRKSettings.m */; };
		3AF67F9D20FEF9140013FA97 /* SRKContext.m in Sources */ = {isa = PBXBuildFile; fileRef = 3AF67F3B20FEF9140013FA97 /* SRKContext.m */; };
		3AF67F9E20FEF9140013FA97 /* SRKTransactionInfo.m in Sources */ = {isa = PBXBuildFile; fileRef = 3AF67F3C20FEF9140013FA97 /* SRKTransactionInfo.m */; };
		3AF67F9F20FEF9140013FA97 /* SRKContext.h in Headers */ = {isa = PBXBuildFile; fileRef = 3AF67F3D20FEF9140013FA97 /* SRKContext.h */; };
		3AF67FA020FEF9140013FA97 /* SRKTransaction.m in Sources */ = {isa = PBXBuildFile; fileRef = 3AF67F3E20FEF9140013FA97 /* SRKTransaction.m */; };
		3AF67FA120FEF9140013FA97 /* SRKTransactionInfo.h in Headers */ = {isa = PBXBuildFile; fileRef = 3AF67F3F20FEF9140013FA97 /* SRKTransactionInfo.h */; };
		3AF67FA220FEF9140013FA97 /* SRKLazyLoader.h in Headers */ = {isa = PBXBuildFile; fileRef = 3AF67F4020FEF9140013FA97 /* SRKLazyLoader.h */; };
		3AF67FA320FEF9140013FA97 /* SRKUtilities.h in Headers */ = {isa = PBXBuildFile; fileRef = 3AF67F4120FEF9140013FA97 /* SRKUtilities.h */; };
		3AF67FA420FEF9140013FA97 /* SRKEncryptedObject.m in Sources */ = {isa = PBXBuildFile; fileRef = 3AF67F4320FEF9140013FA97 /* SRKEncryptedObject.m */; };
		3AF67FA520FEF9140013FA97 /* SRKEntityChain.m in Sources */ = {isa = PBXBuildFile; fileRef = 3AF67F4420FEF9140013FA97 /* SRKEntityChain.m */; };
		3AF67FA620FEF9140013FA97 /* SRKRawResults.m in Sources */ = {isa = PBXBuildFile; fileRef = 3AF67F4520FEF9140013FA97 /* SRKRawResults.m */; };
		3AF67FA720FEF9140013FA97 /* SRKCommitOptions.m in Sources */ = {isa = PBXBuildFile; fileRef = 3AF67F4620FEF9140013FA97 /* SRKCommitOptions.m */; };
		3AF67FA820FEF9140013FA97 /* SRKResultSet.m in Sources */ = {isa = PBXBuildFile; fileRef = 3AF67F4720FEF9140013FA97 /* SRKResultSet.m */; };
		3AF67FA920FEF9140013FA97 /* SRKStringObject.m in Sources */ = {isa = PBXBuildFile; fileRef = 3AF67F4820FEF9140013FA97 /* SRKStringObject.m */; };
		3AF67FAA20FEF9140013FA97 /* SRKUnsupportedObject.h in Headers */ = {isa = PBXBuildFile; fileRef = 3AF67F4920FEF9140013FA97 /* SRKUnsupportedObject.h */; };
		3AF67FAB20FEF9140013FA97 /* SRKAES256Extension.m in Sources */ = {isa = PBXBuildFile; fileRef = 3AF67F4A20FEF9140013FA97 /* SRKAES256Extension.m */; };
		3AF67FAC20FEF9140013FA97 /* SRKEntityChain.h in Headers */ = {isa = PBXBuildFile; fileRef = 3AF67F4B20FEF9140013FA97 /* SRKEntityChain.h */; };
		3AF67FAD20FEF9140013FA97 /* SRKEncryptedObject.h in Headers */ = {isa = PBXBuildFile; fileRef = 3AF67F4C20FEF9140013FA97 /* SRKEncryptedObject.h */; };
		3AF67FAE20FEF9140013FA97 /* SRKUnsupportedObject.m in Sources */ = {isa = PBXBuildFile; fileRef = 3AF67F4D20FEF9140013FA97 /* SRKUnsupportedObject.m */; };
		3AF67FAF20FEF9140013FA97 /* SRKEntity.m in Sources */ = {isa = PBXBuildFile; fileRef = 3AF67F4E20FEF9140013FA97 /* SRKEntity.m */; };
		3AF67FB020FEF9140013FA97 /* SRKObject.m in Sources */ = {isa = PBXBuildFile; fileRef = 3AF67F4F20FEF9140013FA97 /* SRKObject.m */; };
		3AF67FB120FEF9140013FA97 /* SRKAES256Extension.h in Headers */ = {isa = PBXBuildFile; fileRef = 3AF67F5020FEF9140013FA97 /* SRKAES256Extension.h */; };
		3AF67FB220FEF9140013FA97 /* SRKRegistry.h in Headers */ = {isa = PBXBuildFile; fileRef = 3AF67F5220FEF9140013FA97 /* SRKRegistry.h */; };
		3AF67FB320FEF9140013FA97 /* SRKRegistryEntry.h in Headers */ = {isa = PBXBuildFile; fileRef = 3AF67F5320FEF9140013FA97 /* SRKRegistryEntry.h */; };
		3AF67FB420FEF9140013FA97 /* SRKRegistryEntry.m in Sources */ = {isa = PBXBuildFile; fileRef = 3AF67F5420FEF9140013FA97 /* SRKRegistryEntry.m */; };
		3AF67FB520FEF9140013FA97 /* SRKRegistry.m in Sources */ = {isa = PBXBuildFile; fileRef = 3AF67F5520FEF9140013FA97 /* SRKRegistry.m */; };
		3AF67FB620FEF9140013FA97 /* SRKRelationship.h in Headers */ = {isa = PBXBuildFile; fileRef = 3AF67F5620FEF9140013FA97 /* SRKRelationship.h */; };
		3AF67FB720FEF9140013FA97 /* SRKCompoundIndex.m in Sources */ = {isa = PBXBuildFile; fileRef = 3AF67F5820FEF9140013FA97 /* SRKCompoundIndex.m */; };
		3AF67FB820FEF9140013FA97 /* SRKIndexProperty.m in Sources */ = {isa = PBXBuildFile; fileRef = 3AF67F5920FEF9140013FA97 /* SRKIndexProperty.m */; };
		3AF67FB920FEF9140013FA97 /* SRKIndexDefinition.m in Sources */ = {isa = PBXBuildFile; fileRef = 3AF67F5A20FEF9140013FA97 /* SRKIndexDefinition.m */; };
		3AF67FBA20FEF9140013FA97 /* SharkSchemaManager.m in Sources */ = {isa = PBXBuildFile; fileRef = 3AF67F5B20FEF9140013FA97 /* SharkSchemaManager.m */; };
		3AF67FBB20FEF9140013FA97 /* SRKEventHandler.m in Sources */ = {isa = PBXBuildFile; fileRef = 3AF67F5D20FEF9140013FA97 /* SRKEventHandler.m */; };
		3AF67FBC20FEF9140013FA97 /* SRKEventRegistryObject.m in Sources */ = {isa = PBXBuildFile; fileRef = 3AF67F5E20FEF9140013FA97 /* SRKEventRegistryObject.m */; };
		3AF67FBD20FEF9140013FA97 /* SRKEventBlockHolder.h in Headers */ = {isa = PBXBuildFile; fileRef = 3AF67F5F20FEF9140013FA97 /* SRKEventBlockHolder.h */; };
		3AF67FBE20FEF9140013FA97 /* SRKEventRegistryObject.h in Headers */ = {isa = PBXBuildFile; fileRef = 3AF67F6020FEF9140013FA97 /* SRKEventRegistryObject.h */; };
		3AF67FBF20FEF9140013FA97 /* SRKEvent.m in Sources */ = {isa = PBXBuildFile; fileRef = 3AF67F6120FEF9140013FA97 /* SRKEvent.m */; };
		3AF67FC020FEF9140013FA97 /* SRKEventBlockHolder.m in Sources */ = {isa = PBXBuildFile; fileRef = 3AF67F6220FEF9140013FA97 /* SRKEventBlockHolder.m */; };
		3AF67FC120FEF9140013FA97 /* SRKGlobals.h in Headers */ = {isa = PBXBuildFile; fileRef = 3AF67F6320FEF9140013FA97 /* SRKGlobals.h */; };
		3AF67FC220FEF9140013FA97 /* SRKSQLiteHandle.m in Sources */ = {isa = PBXBuildFile; fileRef = 3AF67F6420FEF9140013FA97 /* SRKSQLiteHandle.m */; };
		3AF67FC420FEF91D0013FA97 /* SharkORM.podspec in Resources */ = {isa = PBXBuildFile; fileRef = 3AF67FC320FEF91C0013FA97 /* SharkORM.podspec */; };
		3AF67FC720FEF9270013FA97 /* CHANGELOG.md in Resources */ = {isa = PBXBuildFile; fileRef = 3AF67FC520FEF9270013FA97 /* CHANGELOG.md */; };
		3AF67FC820FEF9270013FA97 /* README.md in Resources */ = {isa = PBXBuildFile; fileRef = 3AF67FC620FEF9270013FA97 /* README.md */; };
		E00320471CFA58FF00240C44 /* Department.m in Sources */ = {isa = PBXBuildFile; fileRef = E003203A1CFA58FF00240C44 /* Department.m */; };
		E00320481CFA58FF00240C44 /* MostObjectTypes.m in Sources */ = {isa = PBXBuildFile; fileRef = E003203C1CFA58FF00240C44 /* MostObjectTypes.m */; };
		E00320491CFA58FF00240C44 /* Person.m in Sources */ = {isa = PBXBuildFile; fileRef = E003203E1CFA58FF00240C44 /* Person.m */; };
		E003204A1CFA58FF00240C44 /* StringIdObject.m in Sources */ = {isa = PBXBuildFile; fileRef = E00320401CFA58FF00240C44 /* StringIdObject.m */; };
		E003204B1CFA58FF00240C44 /* StringIdRelatedObject.m in Sources */ = {isa = PBXBuildFile; fileRef = E00320421CFA58FF00240C44 /* StringIdRelatedObject.m */; };
		E003204D1CFA58FF00240C44 /* WidePerson.m in Sources */ = {isa = PBXBuildFile; fileRef = E00320451CFA58FF00240C44 /* WidePerson.m */; };
		E00320631CFB8F0B00240C44 /* Persistence.m in Sources */ = {isa = PBXBuildFile; fileRef = E00320621CFB8F0B00240C44 /* Persistence.m */; };
		E0215CA81D195C2700876ABC /* Subclass.m in Sources */ = {isa = PBXBuildFile; fileRef = E0215CA71D195C2700876ABC /* Subclass.m */; };
		E040B5BF1D1479E900FCC830 /* Examples.m in Sources */ = {isa = PBXBuildFile; fileRef = E040B5BE1D1479E900FCC830 /* Examples.m */; };
		E040B5C31D14970D00FCC830 /* Joins.m in Sources */ = {isa = PBXBuildFile; fileRef = E040B5C21D14970D00FCC830 /* Joins.m */; };
		E07EFCDB1E904241006AF533 /* SchemaTests.m in Sources */ = {isa = PBXBuildFile; fileRef = E07EFCDA1E904241006AF533 /* SchemaTests.m */; };
		E092CB081D00DBE800C6C8CD /* Performance.m in Sources */ = {isa = PBXBuildFile; fileRef = E092CB071D00DBE800C6C8CD /* Performance.m */; };
		E0A0CDFB1E016B1500942AE5 /* Transactions.m in Sources */ = {isa = PBXBuildFile; fileRef = E0A0CDFA1E016B1500942AE5 /* Transactions.m */; };
		E0C450C61D10865A003FA21D /* Query.m in Sources */ = {isa = PBXBuildFile; fileRef = E0C450C51D10865A003FA21D /* Query.m */; };
		E0E3ACD21D11B80A006803F7 /* Relationship.m in Sources */ = {isa = PBXBuildFile; fileRef = E0E3ACD11D11B80A006803F7 /* Relationship.m */; };
		E0E3ACD51D11B8B5006803F7 /* Location.m in Sources */ = {isa = PBXBuildFile; fileRef = E0E3ACD41D11B8B5006803F7 /* Location.m */; };
		E0E3ACD81D11BC6A006803F7 /* Multithreaded.m in Sources */ = {isa = PBXBuildFile; fileRef = E0E3ACD71D11BC6A006803F7 /* Multithreaded.m */; };
		E0E3ACDB1D11C483006803F7 /* Events.m in Sources */ = {isa = PBXBuildFile; fileRef = E0E3ACDA1D11C483006803F7 /* Events.m */; };
		E0F413521CF6312A0085166C /* SharkORM.framework in Frameworks */ = {isa = PBXBuildFile; fileRef = E0F413471CF6312A0085166C /* SharkORM.framework */; };
		E0F413571CF6312A0085166C /* BaseTestCase.m in Sources */ = {isa = PBXBuildFile; fileRef = E0F413561CF6312A0085166C /* BaseTestCase.m */; };
/* End PBXBuildFile section */

/* Begin PBXContainerItemProxy section */
		E0F413531CF6312A0085166C /* PBXContainerItemProxy */ = {
			isa = PBXContainerItemProxy;
			containerPortal = E0F4133E1CF6312A0085166C /* Project object */;
			proxyType = 1;
			remoteGlobalIDString = E0F413461CF6312A0085166C;
			remoteInfo = SharkORM;
		};
/* End PBXContainerItemProxy section */

/* Begin PBXFileReference section */
		3A44877C1D1E857B00BD9CB5 /* OtherTests.h */ = {isa = PBXFileReference; fileEncoding = 4; lastKnownFileType = sourcecode.c.h; path = OtherTests.h; sourceTree = "<group>"; };
		3A44877D1D1E857B00BD9CB5 /* OtherTests.m */ = {isa = PBXFileReference; fileEncoding = 4; lastKnownFileType = sourcecode.c.objc; path = OtherTests.m; sourceTree = "<group>"; };
		3A7C48022101DA440040B6A4 /* RawQueryTests.h */ = {isa = PBXFileReference; lastKnownFileType = sourcecode.c.h; path = RawQueryTests.h; sourceTree = "<group>"; };
		3A7C48032101DA440040B6A4 /* RawQueryTests.m */ = {isa = PBXFileReference; lastKnownFileType = sourcecode.c.objc; path = RawQueryTests.m; sourceTree = "<group>"; };
		3A9B3ADE210820A30078CE8F /* SharkSyncChanges.m */ = {isa = PBXFileReference; lastKnownFileType = sourcecode.c.objc; path = SharkSyncChanges.m; sourceTree = "<group>"; };
		3A9B3AE0210823A40078CE8F /* SharkSyncChanges+Private.h */ = {isa = PBXFileReference; lastKnownFileType = sourcecode.c.h; path = "SharkSyncChanges+Private.h"; sourceTree = "<group>"; };
		3AECC6C9215D28A400D2870A /* SharkSyncChanges.m */ = {isa = PBXFileReference; fileEncoding = 4; lastKnownFileType = sourcecode.c.objc; path = SharkSyncChanges.m; sourceTree = "<group>"; };
		3AECC6CA215D28A500D2870A /* SharkSyncChanges+Private.h */ = {isa = PBXFileReference; fileEncoding = 4; lastKnownFileType = sourcecode.c.h; path = "SharkSyncChanges+Private.h"; sourceTree = "<group>"; };
		3AF3C99E20FF7D5900D50B5E /* SyncTest.m */ = {isa = PBXFileReference; fileEncoding = 4; lastKnownFileType = sourcecode.c.objc; name = SyncTest.m; path = "SharkORMTests/Sync Tests/SyncTest.m"; sourceTree = SOURCE_ROOT; };
		3AF3C99F20FF7D5900D50B5E /* SyncTest.h */ = {isa = PBXFileReference; fileEncoding = 4; lastKnownFileType = sourcecode.c.h; name = SyncTest.h; path = "SharkORMTests/Sync Tests/SyncTest.h"; sourceTree = SOURCE_ROOT; };
		3AF3C9A120FF7D8C00D50B5E /* PersonSync.m */ = {isa = PBXFileReference; fileEncoding = 4; lastKnownFileType = sourcecode.c.objc; path = PersonSync.m; sourceTree = "<group>"; };
		3AF3C9A220FF7D8C00D50B5E /* PersonSync.h */ = {isa = PBXFileReference; fileEncoding = 4; lastKnownFileType = sourcecode.c.h; path = PersonSync.h; sourceTree = "<group>"; };
		3AF67EFB20FEF8DF0013FA97 /* SharkORM.modulemap */ = {isa = PBXFileReference; lastKnownFileType = "sourcecode.module-map"; name = SharkORM.modulemap; path = SharkORM/SharkORM.modulemap; sourceTree = "<group>"; };
		3AF67EFD20FEF9140013FA97 /* SRKTransaction+Private.h */ = {isa = PBXFileReference; fileEncoding = 4; lastKnownFileType = sourcecode.c.h; path = "SRKTransaction+Private.h"; sourceTree = "<group>"; };
		3AF67EFE20FEF9140013FA97 /* SRKIndexDefinition+Private.h */ = {isa = PBXFileReference; fileEncoding = 4; lastKnownFileType = sourcecode.c.h; path = "SRKIndexDefinition+Private.h"; sourceTree = "<group>"; };
		3AF67EFF20FEF9140013FA97 /* SRKCommitOptions+Private.h */ = {isa = PBXFileReference; fileEncoding = 4; lastKnownFileType = sourcecode.c.h; path = "SRKCommitOptions+Private.h"; sourceTree = "<group>"; };
		3AF67F0020FEF9140013FA97 /* SRKResultSet+Private.h */ = {isa = PBXFileReference; fileEncoding = 4; lastKnownFileType = sourcecode.c.h; path = "SRKResultSet+Private.h"; sourceTree = "<group>"; };
		3AF67F0120FEF9140013FA97 /* SRKEntity+Private.h */ = {isa = PBXFileReference; fileEncoding = 4; lastKnownFileType = sourcecode.c.h; path = "SRKEntity+Private.h"; sourceTree = "<group>"; };
		3AF67F0220FEF9140013FA97 /* SRKCompoundIndex+Private.h */ = {isa = PBXFileReference; fileEncoding = 4; lastKnownFileType = sourcecode.c.h; path = "SRKCompoundIndex+Private.h"; sourceTree = "<group>"; };
		3AF67F0320FEF9140013FA97 /* SharkORM+Private.h */ = {isa = PBXFileReference; fileEncoding = 4; lastKnownFileType = sourcecode.c.h; path = "SharkORM+Private.h"; sourceTree = "<group>"; };
		3AF67F0420FEF9140013FA97 /* SRKEventHandler+Private.h */ = {isa = PBXFileReference; fileEncoding = 4; lastKnownFileType = sourcecode.c.h; path = "SRKEventHandler+Private.h"; sourceTree = "<group>"; };
		3AF67F0520FEF9140013FA97 /* SRKQuery+Private.h */ = {isa = PBXFileReference; fileEncoding = 4; lastKnownFileType = sourcecode.c.h; path = "SRKQuery+Private.h"; sourceTree = "<group>"; };
		3AF67F0620FEF9140013FA97 /* SRKQueryAsyncHandler+Private.h */ = {isa = PBXFileReference; fileEncoding = 4; lastKnownFileType = sourcecode.c.h; path = "SRKQueryAsyncHandler+Private.h"; sourceTree = "<group>"; };
		3AF67F0820FEF9140013FA97 /* SharkSync+Private.h */ = {isa = PBXFileReference; fileEncoding = 4; lastKnownFileType = sourcecode.c.h; path = "SharkSync+Private.h"; sourceTree = "<group>"; };
		3AF67F0920FEF9140013FA97 /* SRKSyncRegisteredClass.h */ = {isa = PBXFileReference; fileEncoding = 4; lastKnownFileType = sourcecode.c.h; path = SRKSyncRegisteredClass.h; sourceTree = "<group>"; };
		3AF67F0A20FEF9140013FA97 /* SRKSyncObject.m */ = {isa = PBXFileReference; fileEncoding = 4; lastKnownFileType = sourcecode.c.objc; path = SRKSyncObject.m; sourceTree = "<group>"; };
		3AF67F0B20FEF9140013FA97 /* SRKDeferredChange.m */ = {isa = PBXFileReference; fileEncoding = 4; lastKnownFileType = sourcecode.c.objc; path = SRKDeferredChange.m; sourceTree = "<group>"; };
		3AF67F0C20FEF9140013FA97 /* SharkSyncChange.m */ = {isa = PBXFileReference; fileEncoding = 4; lastKnownFileType = sourcecode.c.objc; path = SharkSyncChange.m; sourceTree = "<group>"; };
		3AF67F0D20FEF9140013FA97 /* SRKDefunctObject.h */ = {isa = PBXFileReference; fileEncoding = 4; lastKnownFileType = sourcecode.c.h; path = SRKDefunctObject.h; sourceTree = "<group>"; };
		3AF67F0E20FEF9140013FA97 /* SRKSyncOptions.m */ = {isa = PBXFileReference; fileEncoding = 4; lastKnownFileType = sourcecode.c.objc; path = SRKSyncOptions.m; sourceTree = "<group>"; };
		3AF67F1020FEF9140013FA97 /* SyncService.h */ = {isa = PBXFileReference; fileEncoding = 4; lastKnownFileType = sourcecode.c.h; path = SyncService.h; sourceTree = "<group>"; };
		3AF67F1120FEF9140013FA97 /* SyncComms.m */ = {isa = PBXFileReference; fileEncoding = 4; lastKnownFileType = sourcecode.c.objc; path = SyncComms.m; sourceTree = "<group>"; };
		3AF67F1220FEF9140013FA97 /* SyncRequest.m */ = {isa = PBXFileReference; fileEncoding = 4; lastKnownFileType = sourcecode.c.objc; path = SyncRequest.m; sourceTree = "<group>"; };
		3AF67F1320FEF9140013FA97 /* SyncNetwork.m */ = {isa = PBXFileReference; fileEncoding = 4; lastKnownFileType = sourcecode.c.objc; path = SyncNetwork.m; sourceTree = "<group>"; };
		3AF67F1420FEF9140013FA97 /* SRKSyncNodesList.m */ = {isa = PBXFileReference; fileEncoding = 4; lastKnownFileType = sourcecode.c.objc; path = SRKSyncNodesList.m; sourceTree = "<group>"; };
		3AF67F1520FEF9140013FA97 /* SyncRequest.h */ = {isa = PBXFileReference; fileEncoding = 4; lastKnownFileType = sourcecode.c.h; path = SyncRequest.h; sourceTree = "<group>"; };
		3AF67F1620FEF9140013FA97 /* SyncComms.h */ = {isa = PBXFileReference; fileEncoding = 4; lastKnownFileType = sourcecode.c.h; path = SyncComms.h; sourceTree = "<group>"; };
		3AF67F1720FEF9140013FA97 /* SyncService.m */ = {isa = PBXFileReference; fileEncoding = 4; lastKnownFileType = sourcecode.c.objc; path = SyncService.m; sourceTree = "<group>"; };
		3AF67F1820FEF9140013FA97 /* SyncNetwork.h */ = {isa = PBXFileReference; fileEncoding = 4; lastKnownFileType = sourcecode.c.h; path = SyncNetwork.h; sourceTree = "<group>"; };
		3AF67F1920FEF9140013FA97 /* SRKSyncNodesList.h */ = {isa = PBXFileReference; fileEncoding = 4; lastKnownFileType = sourcecode.c.h; path = SRKSyncNodesList.h; sourceTree = "<group>"; };
		3AF67F1A20FEF9140013FA97 /* SharkSyncGroup.h */ = {isa = PBXFileReference; fileEncoding = 4; lastKnownFileType = sourcecode.c.h; path = SharkSyncGroup.h; sourceTree = "<group>"; };
		3AF67F1B20FEF9140013FA97 /* SRKSyncRegisteredClass.m */ = {isa = PBXFileReference; fileEncoding = 4; lastKnownFileType = sourcecode.c.objc; path = SRKSyncRegisteredClass.m; sourceTree = "<group>"; };
		3AF67F1C20FEF9140013FA97 /* SharkSync.m */ = {isa = PBXFileReference; fileEncoding = 4; lastKnownFileType = sourcecode.c.objc; path = SharkSync.m; sourceTree = "<group>"; };
		3AF67F1D20FEF9140013FA97 /* SRKDeferredChange.h */ = {isa = PBXFileReference; fileEncoding = 4; lastKnownFileType = sourcecode.c.h; path = SRKDeferredChange.h; sourceTree = "<group>"; };
		3AF67F1E20FEF9140013FA97 /* SRKSyncOptions.h */ = {isa = PBXFileReference; fileEncoding = 4; lastKnownFileType = sourcecode.c.h; path = SRKSyncOptions.h; sourceTree = "<group>"; };
		3AF67F1F20FEF9140013FA97 /* SRKDefunctObject.m */ = {isa = PBXFileReference; fileEncoding = 4; lastKnownFileType = sourcecode.c.objc; path = SRKDefunctObject.m; sourceTree = "<group>"; };
		3AF67F2020FEF9140013FA97 /* SharkSyncChange.h */ = {isa = PBXFileReference; fileEncoding = 4; lastKnownFileType = sourcecode.c.h; path = SharkSyncChange.h; sourceTree = "<group>"; };
		3AF67F2120FEF9140013FA97 /* SharkSyncGroup.m */ = {isa = PBXFileReference; fileEncoding = 4; lastKnownFileType = sourcecode.c.objc; path = SharkSyncGroup.m; sourceTree = "<group>"; };
		3AF67F2220FEF9140013FA97 /* SRKSyncObject+Private.h */ = {isa = PBXFileReference; fileEncoding = 4; lastKnownFileType = sourcecode.c.h; path = "SRKSyncObject+Private.h"; sourceTree = "<group>"; };
		3AF67F2320FEF9140013FA97 /* SharkORM.h */ = {isa = PBXFileReference; fileEncoding = 4; lastKnownFileType = sourcecode.c.h; path = SharkORM.h; sourceTree = "<group>"; };
		3AF67F2520FEF9140013FA97 /* sqlite3.c */ = {isa = PBXFileReference; fileEncoding = 4; lastKnownFileType = sourcecode.c.c; path = sqlite3.c; sourceTree = "<group>"; };
		3AF67F2620FEF9140013FA97 /* sqlite mods.txt */ = {isa = PBXFileReference; fileEncoding = 4; lastKnownFileType = text; path = "sqlite mods.txt"; sourceTree = "<group>"; };
		3AF67F2720FEF9140013FA97 /* sqlite3.h */ = {isa = PBXFileReference; fileEncoding = 4; lastKnownFileType = sourcecode.c.h; path = sqlite3.h; sourceTree = "<group>"; };
		3AF67F2820FEF9140013FA97 /* sqlite3ext.h */ = {isa = PBXFileReference; fileEncoding = 4; lastKnownFileType = sourcecode.c.h; path = sqlite3ext.h; sourceTree = "<group>"; };
		3AF67F2A20FEF9140013FA97 /* SharkORM.m */ = {isa = PBXFileReference; fileEncoding = 4; lastKnownFileType = sourcecode.c.objc; path = SharkORM.m; sourceTree = "<group>"; };
		3AF67F2B20FEF9140013FA97 /* SRKLazyLoader.m */ = {isa = PBXFileReference; fileEncoding = 4; lastKnownFileType = sourcecode.c.objc; path = SRKLazyLoader.m; sourceTree = "<group>"; };
		3AF67F2C20FEF9140013FA97 /* SRKUtilities.m */ = {isa = PBXFileReference; fileEncoding = 4; lastKnownFileType = sourcecode.c.objc; path = SRKUtilities.m; sourceTree = "<group>"; };
		3AF67F2D20FEF9140013FA97 /* SharkSchemaManager.h */ = {isa = PBXFileReference; fileEncoding = 4; lastKnownFileType = sourcecode.c.h; path = SharkSchemaManager.h; sourceTree = "<group>"; };
		3AF67F2E20FEF9140013FA97 /* SRKRelationship.m */ = {isa = PBXFileReference; fileEncoding = 4; lastKnownFileType = sourcecode.c.objc; path = SRKRelationship.m; sourceTree = "<group>"; };
		3AF67F3020FEF9140013FA97 /* SRKJoinObject.m */ = {isa = PBXFileReference; fileEncoding = 4; lastKnownFileType = sourcecode.c.objc; path = SRKJoinObject.m; sourceTree = "<group>"; };
		3AF67F3120FEF9140013FA97 /* SRKQueryProfile.m */ = {isa = PBXFileReference; fileEncoding = 4; lastKnownFileType = sourcecode.c.objc; path = SRKQueryProfile.m; sourceTree = "<group>"; };
		3AF67F3220FEF9140013FA97 /* SRKJoinObject.h */ = {isa = PBXFileReference; fileEncoding = 4; lastKnownFileType = sourcecode.c.h; path = SRKJoinObject.h; sourceTree = "<group>"; };
		3AF67F3320FEF9140013FA97 /* SRKQueryAsyncHandler.m */ = {isa = PBXFileReference; fileEncoding = 4; lastKnownFileType = sourcecode.c.objc; path = SRKQueryAsyncHandler.m; sourceTree = "<group>"; };
		3AF67F3420FEF9140013FA97 /* SRKQuery.m */ = {isa = PBXFileReference; fileEncoding = 4; lastKnownFileType = sourcecode.c.objc; path = SRKQuery.m; sourceTree = "<group>"; };
		3AF67F3520FEF9140013FA97 /* SRKSQLiteHandle.h */ = {isa = PBXFileReference; fileEncoding = 4; lastKnownFileType = sourcecode.c.h; path = SRKSQLiteHandle.h; sourceTree = "<group>"; };
		3AF67F3620FEF9140013FA97 /* SRKDefinitions.h */ = {isa = PBXFileReference; fileEncoding = 4; lastKnownFileType = sourcecode.c.h; path = SRKDefinitions.h; sourceTree = "<group>"; };
		3AF67F3720FEF9140013FA97 /* SRKGlobals.m */ = {isa = PBXFileReference; fileEncoding = 4; lastKnownFileType = sourcecode.c.objc; path = SRKGlobals.m; sourceTree = "<group>"; };
		3AF67F3820FEF9140013FA97 /* SRKError.m */ = {isa = PBXFileReference; fileEncoding = 4; lastKnownFileType = sourcecode.c.objc; path = SRKError.m; sourceTree = "<group>"; };
		3AF67F3920FEF9140013FA97 /* SRKSettings.m */ = {isa = PBXFileReference; fileEncoding = 4; lastKnownFileType = sourcecode.c.objc; path = SRKSettings.m; sourceTree = "<group>"; };
		3AF67F3B20FEF9140013FA97 /* SRKContext.m */ = {isa = PBXFileReference; fileEncoding = 4; lastKnownFileType = sourcecode.c.objc; path = SRKContext.m; sourceTree = "<group>"; };
		3AF67F3C20FEF9140013FA97 /* SRKTransactionInfo.m */ = {isa = PBXFileReference; fileEncoding = 4; lastKnownFileType = sourcecode.c.objc; path = SRKTransactionInfo.m; sourceTree = "<group>"; };
		3AF67F3D20FEF9140013FA97 /* SRKContext.h */ = {isa = PBXFileReference; fileEncoding = 4; lastKnownFileType = sourcecode.c.h; path = SRKContext.h; sourceTree = "<group>"; };
		3AF67F3E20FEF9140013FA97 /* SRKTransaction.m */ = {isa = PBXFileReference; fileEncoding = 4; lastKnownFileType = sourcecode.c.objc; path = SRKTransaction.m; sourceTree = "<group>"; };
		3AF67F3F20FEF9140013FA97 /* SRKTransactionInfo.h */ = {isa = PBXFileReference; fileEncoding = 4; lastKnownFileType = sourcecode.c.h; path = SRKTransactionInfo.h; sourceTree = "<group>"; };
		3AF67F4020FEF9140013FA97 /* SRKLazyLoader.h */ = {isa = PBXFileReference; fileEncoding = 4; lastKnownFileType = sourcecode.c.h; path = SRKLazyLoader.h; sourceTree = "<group>"; };
		3AF67F4120FEF9140013FA97 /* SRKUtilities.h */ = {isa = PBXFileReference; fileEncoding = 4; lastKnownFileType = sourcecode.c.h; path = SRKUtilities.h; sourceTree = "<group>"; };
		3AF67F4320FEF9140013FA97 /* SRKEncryptedObject.m */ = {isa = PBXFileReference; fileEncoding = 4; lastKnownFileType = sourcecode.c.objc; path = SRKEncryptedObject.m; sourceTree = "<group>"; };
		3AF67F4420FEF9140013FA97 /* SRKEntityChain.m */ = {isa = PBXFileReference; fileEncoding = 4; lastKnownFileType = sourcecode.c.objc; path = SRKEntityChain.m; sourceTree = "<group>"; };
		3AF67F4520FEF9140013FA97 /* SRKRawResults.m */ = {isa = PBXFileReference; fileEncoding = 4; lastKnownFileType = sourcecode.c.objc; path = SRKRawResults.m; sourceTree = "<group>"; };
		3AF67F4620FEF9140013FA97 /* SRKCommitOptions.m */ = {isa = PBXFileReference; fileEncoding = 4; lastKnownFileType = sourcecode.c.objc; path = SRKCommitOptions.m; sourceTree = "<group>"; };
		3AF67F4720FEF9140013FA97 /* SRKResultSet.m */ = {isa = PBXFileReference; fileEncoding = 4; lastKnownFileType = sourcecode.c.objc; path = SRKResultSet.m; sourceTree = "<group>"; };
		3AF67F4820FEF9140013FA97 /* SRKStringObject.m */ = {isa = PBXFileReference; fileEncoding = 4; lastKnownFileType = sourcecode.c.objc; path = SRKStringObject.m; sourceTree = "<group>"; };
		3AF67F4920FEF9140013FA97 /* SRKUnsupportedObject.h */ = {isa = PBXFileReference; fileEncoding = 4; lastKnownFileType = sourcecode.c.h; path = SRKUnsupportedObject.h; sourceTree = "<group>"; };
		3AF67F4A20FEF9140013FA97 /* SRKAES256Extension.m */ = {isa = PBXFileReference; fileEncoding = 4; lastKnownFileType = sourcecode.c.objc; path = SRKAES256Extension.m; sourceTree = "<group>"; };
		3AF67F4B20FEF9140013FA97 /* SRKEntityChain.h */ = {isa = PBXFileReference; fileEncoding = 4; lastKnownFileType = sourcecode.c.h; path = SRKEntityChain.h; sourceTree = "<group>"; };
		3AF67F4C20FEF9140013FA97 /* SRKEncryptedObject.h */ = {isa = PBXFileReference; fileEncoding = 4; lastKnownFileType = sourcecode.c.h; path = SRKEncryptedObject.h; sourceTree = "<group>"; };
		3AF67F4D20FEF9140013FA97 /* SRKUnsupportedObject.m */ = {isa = PBXFileReference; fileEncoding = 4; lastKnownFileType = sourcecode.c.objc; path = SRKUnsupportedObject.m; sourceTree = "<group>"; };
		3AF67F4E20FEF9140013FA97 /* SRKEntity.m */ = {isa = PBXFileReference; fileEncoding = 4; lastKnownFileType = sourcecode.c.objc; path = SRKEntity.m; sourceTree = "<group>"; };
		3AF67F4F20FEF9140013FA97 /* SRKObject.m */ = {isa = PBXFileReference; fileEncoding = 4; lastKnownFileType = sourcecode.c.objc; path = SRKObject.m; sourceTree = "<group>"; };
		3AF67F5020FEF9140013FA97 /* SRKAES256Extension.h */ = {isa = PBXFileReference; fileEncoding = 4; lastKnownFileType = sourcecode.c.h; path = SRKAES256Extension.h; sourceTree = "<group>"; };
		3AF67F5220FEF9140013FA97 /* SRKRegistry.h */ = {isa = PBXFileReference; fileEncoding = 4; lastKnownFileType = sourcecode.c.h; path = SRKRegistry.h; sourceTree = "<group>"; };
		3AF67F5320FEF9140013FA97 /* SRKRegistryEntry.h */ = {isa = PBXFileReference; fileEncoding = 4; lastKnownFileType = sourcecode.c.h; path = SRKRegistryEntry.h; sourceTree = "<group>"; };
		3AF67F5420FEF9140013FA97 /* SRKRegistryEntry.m */ = {isa = PBXFileReference; fileEncoding = 4; lastKnownFileType = sourcecode.c.objc; path = SRKRegistryEntry.m; sourceTree = "<group>"; };
		3AF67F5520FEF9140013FA97 /* SRKRegistry.m */ = {isa = PBXFileReference; fileEncoding = 4; lastKnownFileType = sourcecode.c.objc; path = SRKRegistry.m; sourceTree = "<group>"; };
		3AF67F5620FEF9140013FA97 /* SRKRelationship.h */ = {isa = PBXFileReference; fileEncoding = 4; lastKnownFileType = sourcecode.c.h; path = SRKRelationship.h; sourceTree = "<group>"; };
		3AF67F5820FEF9140013FA97 /* SRKCompoundIndex.m */ = {isa = PBXFileReference; fileEncoding = 4; lastKnownFileType = sourcecode.c.objc; path = SRKCompoundIndex.m; sourceTree = "<group>"; };
		3AF67F5920FEF9140013FA97 /* SRKIndexProperty.m */ = {isa = PBXFileReference; fileEncoding = 4; lastKnownFileType = sourcecode.c.objc; path = SRKIndexProperty.m; sourceTree = "<group>"; };
		3AF67F5A20FEF9140013FA97 /* SRKIndexDefinition.m */ = {isa = PBXFileReference; fileEncoding = 4; lastKnownFileType = sourcecode.c.objc; path = SRKIndexDefinition.m; sourceTree = "<group>"; };
		3AF67F5B20FEF9140013FA97 /* SharkSchemaManager.m */ = {isa = PBXFileReference; fileEncoding = 4; lastKnownFileType = sourcecode.c.objc; path = SharkSchemaManager.m; sourceTree = "<group>"; };
		3AF67F5D20FEF9140013FA97 /* SRKEventHandler.m */ = {isa = PBXFileReference; fileEncoding = 4; lastKnownFileType = sourcecode.c.objc; path = SRKEventHandler.m; sourceTree = "<group>"; };
		3AF67F5E20FEF9140013FA97 /* SRKEventRegistryObject.m */ = {isa = PBXFileReference; fileEncoding = 4; lastKnownFileType = sourcecode.c.objc; path = SRKEventRegistryObject.m; sourceTree = "<group>"; };
		3AF67F5F20FEF9140013FA97 /* SRKEventBlockHolder.h */ = {isa = PBXFileReference; fileEncoding = 4; lastKnownFileType = sourcecode.c.h; path = SRKEventBlockHolder.h; sourceTree = "<group>"; };
		3AF67F6020FEF9140013FA97 /* SRKEventRegistryObject.h */ = {isa = PBXFileReference; fileEncoding = 4; lastKnownFileType = sourcecode.c.h; path = SRKEventRegistryObject.h; sourceTree = "<group>"; };
		3AF67F6120FEF9140013FA97 /* SRKEvent.m */ = {isa = PBXFileReference; fileEncoding = 4; lastKnownFileType = sourcecode.c.objc; path = SRKEvent.m; sourceTree = "<group>"; };
		3AF67F6220FEF9140013FA97 /* SRKEventBlockHolder.m */ = {isa = PBXFileReference; fileEncoding = 4; lastKnownFileType = sourcecode.c.objc; path = SRKEventBlockHolder.m; sourceTree = "<group>"; };
		3AF67F6320FEF9140013FA97 /* SRKGlobals.h */ = {isa = PBXFileReference; fileEncoding = 4; lastKnownFileType = sourcecode.c.h; path = SRKGlobals.h; sourceTree = "<group>"; };
		3AF67F6420FEF9140013FA97 /* SRKSQLiteHandle.m */ = {isa = PBXFileReference; fileEncoding = 4; lastKnownFileType = sourcecode.c.objc; path = SRKSQLiteHandle.m; sourceTree = "<group>"; };
		3AF67FC320FEF91C0013FA97 /* SharkORM.podspec */ = {isa = PBXFileReference; fileEncoding = 4; lastKnownFileType = text; path = SharkORM.podspec; sourceTree = "<group>"; };
		3AF67FC520FEF9270013FA97 /* CHANGELOG.md */ = {isa = PBXFileReference; fileEncoding = 4; lastKnownFileType = net.daringfireball.markdown; path = CHANGELOG.md; sourceTree = "<group>"; };
		3AF67FC620FEF9270013FA97 /* README.md */ = {isa = PBXFileReference; fileEncoding = 4; lastKnownFileType = net.daringfireball.markdown; path = README.md; sourceTree = "<group>"; };
		E00320391CFA58FF00240C44 /* Department.h */ = {isa = PBXFileReference; fileEncoding = 4; lastKnownFileType = sourcecode.c.h; path = Department.h; sourceTree = "<group>"; };
		E003203A1CFA58FF00240C44 /* Department.m */ = {isa = PBXFileReference; fileEncoding = 4; lastKnownFileType = sourcecode.c.objc; path = Department.m; sourceTree = "<group>"; };
		E003203B1CFA58FF00240C44 /* MostObjectTypes.h */ = {isa = PBXFileReference; fileEncoding = 4; lastKnownFileType = sourcecode.c.h; path = MostObjectTypes.h; sourceTree = "<group>"; };
		E003203C1CFA58FF00240C44 /* MostObjectTypes.m */ = {isa = PBXFileReference; fileEncoding = 4; lastKnownFileType = sourcecode.c.objc; path = MostObjectTypes.m; sourceTree = "<group>"; };
		E003203D1CFA58FF00240C44 /* Person.h */ = {isa = PBXFileReference; fileEncoding = 4; lastKnownFileType = sourcecode.c.h; path = Person.h; sourceTree = "<group>"; };
		E003203E1CFA58FF00240C44 /* Person.m */ = {isa = PBXFileReference; fileEncoding = 4; lastKnownFileType = sourcecode.c.objc; path = Person.m; sourceTree = "<group>"; };
		E003203F1CFA58FF00240C44 /* StringIdObject.h */ = {isa = PBXFileReference; fileEncoding = 4; lastKnownFileType = sourcecode.c.h; path = StringIdObject.h; sourceTree = "<group>"; };
		E00320401CFA58FF00240C44 /* StringIdObject.m */ = {isa = PBXFileReference; fileEncoding = 4; lastKnownFileType = sourcecode.c.objc; path = StringIdObject.m; sourceTree = "<group>"; };
		E00320411CFA58FF00240C44 /* StringIdRelatedObject.h */ = {isa = PBXFileReference; fileEncoding = 4; lastKnownFileType = sourcecode.c.h; path = StringIdRelatedObject.h; sourceTree = "<group>"; };
		E00320421CFA58FF00240C44 /* StringIdRelatedObject.m */ = {isa = PBXFileReference; fileEncoding = 4; lastKnownFileType = sourcecode.c.objc; path = StringIdRelatedObject.m; sourceTree = "<group>"; };
		E00320441CFA58FF00240C44 /* WidePerson.h */ = {isa = PBXFileReference; fileEncoding = 4; lastKnownFileType = sourcecode.c.h; path = WidePerson.h; sourceTree = "<group>"; };
		E00320451CFA58FF00240C44 /* WidePerson.m */ = {isa = PBXFileReference; fileEncoding = 4; lastKnownFileType = sourcecode.c.objc; path = WidePerson.m; sourceTree = "<group>"; };
		E00320581CFA5D0000240C44 /* Tests.h */ = {isa = PBXFileReference; lastKnownFileType = sourcecode.c.h; path = Tests.h; sourceTree = "<group>"; };
		E00320601CFB8EA000240C44 /* BaseTestCase.h */ = {isa = PBXFileReference; lastKnownFileType = sourcecode.c.h; path = BaseTestCase.h; sourceTree = "<group>"; };
		E00320611CFB8F0B00240C44 /* Persistence.h */ = {isa = PBXFileReference; fileEncoding = 4; lastKnownFileType = sourcecode.c.h; path = Persistence.h; sourceTree = "<group>"; };
		E00320621CFB8F0B00240C44 /* Persistence.m */ = {isa = PBXFileReference; fileEncoding = 4; lastKnownFileType = sourcecode.c.objc; path = Persistence.m; sourceTree = "<group>"; };
		E0215CA61D195C2700876ABC /* Subclass.h */ = {isa = PBXFileReference; fileEncoding = 4; lastKnownFileType = sourcecode.c.h; path = Subclass.h; sourceTree = "<group>"; };
		E0215CA71D195C2700876ABC /* Subclass.m */ = {isa = PBXFileReference; fileEncoding = 4; lastKnownFileType = sourcecode.c.objc; path = Subclass.m; sourceTree = "<group>"; };
		E040B5BD1D1479E900FCC830 /* Examples.h */ = {isa = PBXFileReference; fileEncoding = 4; lastKnownFileType = sourcecode.c.h; path = Examples.h; sourceTree = "<group>"; };
		E040B5BE1D1479E900FCC830 /* Examples.m */ = {isa = PBXFileReference; fileEncoding = 4; lastKnownFileType = sourcecode.c.objc; path = Examples.m; sourceTree = "<group>"; };
		E040B5C11D14970D00FCC830 /* Joins.h */ = {isa = PBXFileReference; fileEncoding = 4; lastKnownFileType = sourcecode.c.h; path = Joins.h; sourceTree = "<group>"; };
		E040B5C21D14970D00FCC830 /* Joins.m */ = {isa = PBXFileReference; fileEncoding = 4; lastKnownFileType = sourcecode.c.objc; path = Joins.m; sourceTree = "<group>"; };
		E07EFCD91E904241006AF533 /* SchemaTests.h */ = {isa = PBXFileReference; fileEncoding = 4; lastKnownFileType = sourcecode.c.h; path = SchemaTests.h; sourceTree = "<group>"; };
		E07EFCDA1E904241006AF533 /* SchemaTests.m */ = {isa = PBXFileReference; fileEncoding = 4; lastKnownFileType = sourcecode.c.objc; path = SchemaTests.m; sourceTree = "<group>"; };
		E092CB061D00DBE800C6C8CD /* Performance.h */ = {isa = PBXFileReference; fileEncoding = 4; lastKnownFileType = sourcecode.c.h; path = Performance.h; sourceTree = "<group>"; };
		E092CB071D00DBE800C6C8CD /* Performance.m */ = {isa = PBXFileReference; fileEncoding = 4; lastKnownFileType = sourcecode.c.objc; path = Performance.m; sourceTree = "<group>"; };
		E0A0CDF91E016B1500942AE5 /* Transactions.h */ = {isa = PBXFileReference; fileEncoding = 4; lastKnownFileType = sourcecode.c.h; path = Transactions.h; sourceTree = "<group>"; };
		E0A0CDFA1E016B1500942AE5 /* Transactions.m */ = {isa = PBXFileReference; fileEncoding = 4; lastKnownFileType = sourcecode.c.objc; path = Transactions.m; sourceTree = "<group>"; };
		E0C450C41D10865A003FA21D /* Query.h */ = {isa = PBXFileReference; fileEncoding = 4; lastKnownFileType = sourcecode.c.h; path = Query.h; sourceTree = "<group>"; };
		E0C450C51D10865A003FA21D /* Query.m */ = {isa = PBXFileReference; fileEncoding = 4; lastKnownFileType = sourcecode.c.objc; path = Query.m; sourceTree = "<group>"; };
		E0E3ACD01D11B80A006803F7 /* Relationship.h */ = {isa = PBXFileReference; fileEncoding = 4; lastKnownFileType = sourcecode.c.h; path = Relationship.h; sourceTree = "<group>"; };
		E0E3ACD11D11B80A006803F7 /* Relationship.m */ = {isa = PBXFileReference; fileEncoding = 4; lastKnownFileType = sourcecode.c.objc; path = Relationship.m; sourceTree = "<group>"; };
		E0E3ACD31D11B8B5006803F7 /* Location.h */ = {isa = PBXFileReference; fileEncoding = 4; lastKnownFileType = sourcecode.c.h; path = Location.h; sourceTree = "<group>"; };
		E0E3ACD41D11B8B5006803F7 /* Location.m */ = {isa = PBXFileReference; fileEncoding = 4; lastKnownFileType = sourcecode.c.objc; path = Location.m; sourceTree = "<group>"; };
		E0E3ACD61D11BC6A006803F7 /* Multithreaded.h */ = {isa = PBXFileReference; fileEncoding = 4; lastKnownFileType = sourcecode.c.h; path = Multithreaded.h; sourceTree = "<group>"; };
		E0E3ACD71D11BC6A006803F7 /* Multithreaded.m */ = {isa = PBXFileReference; fileEncoding = 4; lastKnownFileType = sourcecode.c.objc; path = Multithreaded.m; sourceTree = "<group>"; };
		E0E3ACD91D11C483006803F7 /* Events.h */ = {isa = PBXFileReference; fileEncoding = 4; lastKnownFileType = sourcecode.c.h; path = Events.h; sourceTree = "<group>"; };
		E0E3ACDA1D11C483006803F7 /* Events.m */ = {isa = PBXFileReference; fileEncoding = 4; lastKnownFileType = sourcecode.c.objc; path = Events.m; sourceTree = "<group>"; };
		E0F413471CF6312A0085166C /* SharkORM.framework */ = {isa = PBXFileReference; explicitFileType = wrapper.framework; includeInIndex = 0; path = SharkORM.framework; sourceTree = BUILT_PRODUCTS_DIR; };
		E0F4134C1CF6312A0085166C /* Info.plist */ = {isa = PBXFileReference; lastKnownFileType = text.plist.xml; path = Info.plist; sourceTree = "<group>"; };
		E0F413511CF6312A0085166C /* SharkORMTests.xctest */ = {isa = PBXFileReference; explicitFileType = wrapper.cfbundle; includeInIndex = 0; path = SharkORMTests.xctest; sourceTree = BUILT_PRODUCTS_DIR; };
		E0F413561CF6312A0085166C /* BaseTestCase.m */ = {isa = PBXFileReference; lastKnownFileType = sourcecode.c.objc; path = BaseTestCase.m; sourceTree = "<group>"; };
		E0F413581CF6312A0085166C /* Info.plist */ = {isa = PBXFileReference; lastKnownFileType = text.plist.xml; path = Info.plist; sourceTree = "<group>"; };
		E0F413FB1CF632F80085166C /* SharkORMTests-Bridging-Header.h */ = {isa = PBXFileReference; lastKnownFileType = sourcecode.c.h; path = "SharkORMTests-Bridging-Header.h"; sourceTree = "<group>"; };
/* End PBXFileReference section */

/* Begin PBXFrameworksBuildPhase section */
		E0F413431CF6312A0085166C /* Frameworks */ = {
			isa = PBXFrameworksBuildPhase;
			buildActionMask = 2147483647;
			files = (
			);
			runOnlyForDeploymentPostprocessing = 0;
		};
		E0F4134E1CF6312A0085166C /* Frameworks */ = {
			isa = PBXFrameworksBuildPhase;
			buildActionMask = 2147483647;
			files = (
				E0F413521CF6312A0085166C /* SharkORM.framework in Frameworks */,
			);
			runOnlyForDeploymentPostprocessing = 0;
		};
/* End PBXFrameworksBuildPhase section */

/* Begin PBXGroup section */
		3A44877B1D1E856400BD9CB5 /* Other Tests */ = {
			isa = PBXGroup;
			children = (
				3A44877C1D1E857B00BD9CB5 /* OtherTests.h */,
				3A44877D1D1E857B00BD9CB5 /* OtherTests.m */,
			);
			path = "Other Tests";
			sourceTree = "<group>";
		};
		3A7C48012101DA2A0040B6A4 /* Raw Queries */ = {
			isa = PBXGroup;
			children = (
				3A7C48022101DA440040B6A4 /* RawQueryTests.h */,
				3A7C48032101DA440040B6A4 /* RawQueryTests.m */,
			);
			path = "Raw Queries";
			sourceTree = "<group>";
		};
		3AF3C99D20FF7CFB00D50B5E /* Sync */ = {
			isa = PBXGroup;
			children = (
				3AF3C99F20FF7D5900D50B5E /* SyncTest.h */,
				3AF3C99E20FF7D5900D50B5E /* SyncTest.m */,
			);
			path = Sync;
			sourceTree = "<group>";
		};
		3AF67EFC20FEF9140013FA97 /* Private */ = {
			isa = PBXGroup;
			children = (
				3AF67EFD20FEF9140013FA97 /* SRKTransaction+Private.h */,
				3AF67EFE20FEF9140013FA97 /* SRKIndexDefinition+Private.h */,
				3AF67EFF20FEF9140013FA97 /* SRKCommitOptions+Private.h */,
				3AF67F0020FEF9140013FA97 /* SRKResultSet+Private.h */,
				3AF67F0120FEF9140013FA97 /* SRKEntity+Private.h */,
				3AF67F0220FEF9140013FA97 /* SRKCompoundIndex+Private.h */,
				3AF67F0320FEF9140013FA97 /* SharkORM+Private.h */,
				3AF67F0420FEF9140013FA97 /* SRKEventHandler+Private.h */,
				3AF67F0520FEF9140013FA97 /* SRKQuery+Private.h */,
				3AF67F0620FEF9140013FA97 /* SRKQueryAsyncHandler+Private.h */,
			);
			path = Private;
			sourceTree = "<group>";
		};
		3AF67F0720FEF9140013FA97 /* Sync */ = {
			isa = PBXGroup;
			children = (
				3AECC6C9215D28A400D2870A /* SharkSyncChanges.m */,
				3AECC6CA215D28A500D2870A /* SharkSyncChanges+Private.h */,
				3AF67F0820FEF9140013FA97 /* SharkSync+Private.h */,
				3AF67F0920FEF9140013FA97 /* SRKSyncRegisteredClass.h */,
				3AF67F0A20FEF9140013FA97 /* SRKSyncObject.m */,
				3AF67F0B20FEF9140013FA97 /* SRKDeferredChange.m */,
				3AF67F0C20FEF9140013FA97 /* SharkSyncChange.m */,
				3AF67F0D20FEF9140013FA97 /* SRKDefunctObject.h */,
				3AF67F0E20FEF9140013FA97 /* SRKSyncOptions.m */,
				3AF67F0F20FEF9140013FA97 /* Comms */,
				3AF67F1A20FEF9140013FA97 /* SharkSyncGroup.h */,
				3AF67F1B20FEF9140013FA97 /* SRKSyncRegisteredClass.m */,
				3AF67F1C20FEF9140013FA97 /* SharkSync.m */,
				3AF67F1D20FEF9140013FA97 /* SRKDeferredChange.h */,
				3AF67F1E20FEF9140013FA97 /* SRKSyncOptions.h */,
				3AF67F1F20FEF9140013FA97 /* SRKDefunctObject.m */,
				3AF67F2020FEF9140013FA97 /* SharkSyncChange.h */,
				3AF67F2120FEF9140013FA97 /* SharkSyncGroup.m */,
				3AF67F2220FEF9140013FA97 /* SRKSyncObject+Private.h */,
				3A9B3ADE210820A30078CE8F /* SharkSyncChanges.m */,
				3A9B3AE0210823A40078CE8F /* SharkSyncChanges+Private.h */,
			);
			path = Sync;
			sourceTree = "<group>";
		};
		3AF67F0F20FEF9140013FA97 /* Comms */ = {
			isa = PBXGroup;
			children = (
				3AF67F1020FEF9140013FA97 /* SyncService.h */,
				3AF67F1120FEF9140013FA97 /* SyncComms.m */,
				3AF67F1220FEF9140013FA97 /* SyncRequest.m */,
				3AF67F1320FEF9140013FA97 /* SyncNetwork.m */,
				3AF67F1420FEF9140013FA97 /* SRKSyncNodesList.m */,
				3AF67F1520FEF9140013FA97 /* SyncRequest.h */,
				3AF67F1620FEF9140013FA97 /* SyncComms.h */,
				3AF67F1720FEF9140013FA97 /* SyncService.m */,
				3AF67F1820FEF9140013FA97 /* SyncNetwork.h */,
				3AF67F1920FEF9140013FA97 /* SRKSyncNodesList.h */,
			);
			path = Comms;
			sourceTree = "<group>";
		};
		3AF67F2420FEF9140013FA97 /* SQLite */ = {
			isa = PBXGroup;
			children = (
				3AF67F2520FEF9140013FA97 /* sqlite3.c */,
				3AF67F2620FEF9140013FA97 /* sqlite mods.txt */,
				3AF67F2720FEF9140013FA97 /* sqlite3.h */,
				3AF67F2820FEF9140013FA97 /* sqlite3ext.h */,
			);
			path = SQLite;
			sourceTree = "<group>";
		};
		3AF67F2920FEF9140013FA97 /* Core */ = {
			isa = PBXGroup;
			children = (
				3AF67F2A20FEF9140013FA97 /* SharkORM.m */,
				3AF67F2B20FEF9140013FA97 /* SRKLazyLoader.m */,
				3AF67F2C20FEF9140013FA97 /* SRKUtilities.m */,
				3AF67F2D20FEF9140013FA97 /* SharkSchemaManager.h */,
				3AF67F2E20FEF9140013FA97 /* SRKRelationship.m */,
				3AF67F2F20FEF9140013FA97 /* Queries */,
				3AF67F3520FEF9140013FA97 /* SRKSQLiteHandle.h */,
				3AF67F3620FEF9140013FA97 /* SRKDefinitions.h */,
				3AF67F3720FEF9140013FA97 /* SRKGlobals.m */,
				3AF67F3820FEF9140013FA97 /* SRKError.m */,
				3AF67F3920FEF9140013FA97 /* SRKSettings.m */,
				3AF67F3A20FEF9140013FA97 /* Transactions */,
				3AF67F4020FEF9140013FA97 /* SRKLazyLoader.h */,
				3AF67F4120FEF9140013FA97 /* SRKUtilities.h */,
				3AF67F4220FEF9140013FA97 /* PersistableObjects */,
				3AF67F5120FEF9140013FA97 /* Registry */,
				3AF67F5620FEF9140013FA97 /* SRKRelationship.h */,
				3AF67F5720FEF9140013FA97 /* Indexing */,
				3AF67F5B20FEF9140013FA97 /* SharkSchemaManager.m */,
				3AF67F5C20FEF9140013FA97 /* Events */,
				3AF67F6320FEF9140013FA97 /* SRKGlobals.h */,
				3AF67F6420FEF9140013FA97 /* SRKSQLiteHandle.m */,
			);
			path = Core;
			sourceTree = "<group>";
		};
		3AF67F2F20FEF9140013FA97 /* Queries */ = {
			isa = PBXGroup;
			children = (
				3AF67F3020FEF9140013FA97 /* SRKJoinObject.m */,
				3AF67F3120FEF9140013FA97 /* SRKQueryProfile.m */,
				3AF67F3220FEF9140013FA97 /* SRKJoinObject.h */,
				3AF67F3320FEF9140013FA97 /* SRKQueryAsyncHandler.m */,
				3AF67F3420FEF9140013FA97 /* SRKQuery.m */,
			);
			path = Queries;
			sourceTree = "<group>";
		};
		3AF67F3A20FEF9140013FA97 /* Transactions */ = {
			isa = PBXGroup;
			children = (
				3AF67F3B20FEF9140013FA97 /* SRKContext.m */,
				3AF67F3C20FEF9140013FA97 /* SRKTransactionInfo.m */,
				3AF67F3D20FEF9140013FA97 /* SRKContext.h */,
				3AF67F3E20FEF9140013FA97 /* SRKTransaction.m */,
				3AF67F3F20FEF9140013FA97 /* SRKTransactionInfo.h */,
			);
			path = Transactions;
			sourceTree = "<group>";
		};
		3AF67F4220FEF9140013FA97 /* PersistableObjects */ = {
			isa = PBXGroup;
			children = (
				3AF67F4320FEF9140013FA97 /* SRKEncryptedObject.m */,
				3AF67F4420FEF9140013FA97 /* SRKEntityChain.m */,
				3AF67F4520FEF9140013FA97 /* SRKRawResults.m */,
				3AF67F4620FEF9140013FA97 /* SRKCommitOptions.m */,
				3AF67F4720FEF9140013FA97 /* SRKResultSet.m */,
				3AF67F4820FEF9140013FA97 /* SRKStringObject.m */,
				3AF67F4920FEF9140013FA97 /* SRKUnsupportedObject.h */,
				3AF67F4A20FEF9140013FA97 /* SRKAES256Extension.m */,
				3AF67F4B20FEF9140013FA97 /* SRKEntityChain.h */,
				3AF67F4C20FEF9140013FA97 /* SRKEncryptedObject.h */,
				3AF67F4D20FEF9140013FA97 /* SRKUnsupportedObject.m */,
				3AF67F4E20FEF9140013FA97 /* SRKEntity.m */,
				3AF67F4F20FEF9140013FA97 /* SRKObject.m */,
				3AF67F5020FEF9140013FA97 /* SRKAES256Extension.h */,
			);
			path = PersistableObjects;
			sourceTree = "<group>";
		};
		3AF67F5120FEF9140013FA97 /* Registry */ = {
			isa = PBXGroup;
			children = (
				3AF67F5220FEF9140013FA97 /* SRKRegistry.h */,
				3AF67F5320FEF9140013FA97 /* SRKRegistryEntry.h */,
				3AF67F5420FEF9140013FA97 /* SRKRegistryEntry.m */,
				3AF67F5520FEF9140013FA97 /* SRKRegistry.m */,
			);
			path = Registry;
			sourceTree = "<group>";
		};
		3AF67F5720FEF9140013FA97 /* Indexing */ = {
			isa = PBXGroup;
			children = (
				3AF67F5820FEF9140013FA97 /* SRKCompoundIndex.m */,
				3AF67F5920FEF9140013FA97 /* SRKIndexProperty.m */,
				3AF67F5A20FEF9140013FA97 /* SRKIndexDefinition.m */,
			);
			path = Indexing;
			sourceTree = "<group>";
		};
		3AF67F5C20FEF9140013FA97 /* Events */ = {
			isa = PBXGroup;
			children = (
				3AF67F5D20FEF9140013FA97 /* SRKEventHandler.m */,
				3AF67F5E20FEF9140013FA97 /* SRKEventRegistryObject.m */,
				3AF67F5F20FEF9140013FA97 /* SRKEventBlockHolder.h */,
				3AF67F6020FEF9140013FA97 /* SRKEventRegistryObject.h */,
				3AF67F6120FEF9140013FA97 /* SRKEvent.m */,
				3AF67F6220FEF9140013FA97 /* SRKEventBlockHolder.m */,
			);
			path = Events;
			sourceTree = "<group>";
		};
		E00320321CFA58FF00240C44 /* Events Test */ = {
			isa = PBXGroup;
			children = (
				E0E3ACD91D11C483006803F7 /* Events.h */,
				E0E3ACDA1D11C483006803F7 /* Events.m */,
			);
			path = "Events Test";
			sourceTree = "<group>";
		};
		E00320331CFA58FF00240C44 /* Multithread Tests */ = {
			isa = PBXGroup;
			children = (
				E0E3ACD61D11BC6A006803F7 /* Multithreaded.h */,
				E0E3ACD71D11BC6A006803F7 /* Multithreaded.m */,
			);
			path = "Multithread Tests";
			sourceTree = "<group>";
		};
		E00320341CFA58FF00240C44 /* Performance Tests */ = {
			isa = PBXGroup;
			children = (
				E092CB061D00DBE800C6C8CD /* Performance.h */,
				E092CB071D00DBE800C6C8CD /* Performance.m */,
			);
			path = "Performance Tests";
			sourceTree = "<group>";
		};
		E00320351CFA58FF00240C44 /* Persistence Tests */ = {
			isa = PBXGroup;
			children = (
				E00320611CFB8F0B00240C44 /* Persistence.h */,
				E00320621CFB8F0B00240C44 /* Persistence.m */,
			);
			path = "Persistence Tests";
			sourceTree = "<group>";
		};
		E00320361CFA58FF00240C44 /* Query Tests */ = {
			isa = PBXGroup;
			children = (
				E0C450C41D10865A003FA21D /* Query.h */,
				E0C450C51D10865A003FA21D /* Query.m */,
			);
			path = "Query Tests";
			sourceTree = "<group>";
		};
		E00320371CFA58FF00240C44 /* Relationship Tests */ = {
			isa = PBXGroup;
			children = (
				E0E3ACD01D11B80A006803F7 /* Relationship.h */,
				E0E3ACD11D11B80A006803F7 /* Relationship.m */,
			);
			path = "Relationship Tests";
			sourceTree = "<group>";
		};
		E00320381CFA58FF00240C44 /* Sample Objects */ = {
			isa = PBXGroup;
			children = (
				3AF3C9A220FF7D8C00D50B5E /* PersonSync.h */,
				3AF3C9A120FF7D8C00D50B5E /* PersonSync.m */,
				E00320391CFA58FF00240C44 /* Department.h */,
				E003203A1CFA58FF00240C44 /* Department.m */,
				E0E3ACD31D11B8B5006803F7 /* Location.h */,
				E0E3ACD41D11B8B5006803F7 /* Location.m */,
				E003203B1CFA58FF00240C44 /* MostObjectTypes.h */,
				E003203C1CFA58FF00240C44 /* MostObjectTypes.m */,
				E003203D1CFA58FF00240C44 /* Person.h */,
				E003203E1CFA58FF00240C44 /* Person.m */,
				E003203F1CFA58FF00240C44 /* StringIdObject.h */,
				E00320401CFA58FF00240C44 /* StringIdObject.m */,
				E00320411CFA58FF00240C44 /* StringIdRelatedObject.h */,
				E00320421CFA58FF00240C44 /* StringIdRelatedObject.m */,
				E00320441CFA58FF00240C44 /* WidePerson.h */,
				E00320451CFA58FF00240C44 /* WidePerson.m */,
			);
			path = "Sample Objects";
			sourceTree = "<group>";
		};
		E0215CA11D195B3800876ABC /* Subclass Tests */ = {
			isa = PBXGroup;
			children = (
				E0215CA61D195C2700876ABC /* Subclass.h */,
				E0215CA71D195C2700876ABC /* Subclass.m */,
			);
			path = "Subclass Tests";
			sourceTree = "<group>";
		};
		E040B5BC1D1479CF00FCC830 /* Examples */ = {
			isa = PBXGroup;
			children = (
				E040B5BD1D1479E900FCC830 /* Examples.h */,
				E040B5BE1D1479E900FCC830 /* Examples.m */,
			);
			path = Examples;
			sourceTree = "<group>";
		};
		E040B5C01D1496FB00FCC830 /* Joins */ = {
			isa = PBXGroup;
			children = (
				E040B5C11D14970D00FCC830 /* Joins.h */,
				E040B5C21D14970D00FCC830 /* Joins.m */,
			);
			path = Joins;
			sourceTree = "<group>";
		};
		E07EFCD81E904119006AF533 /* Schema */ = {
			isa = PBXGroup;
			children = (
				E07EFCD91E904241006AF533 /* SchemaTests.h */,
				E07EFCDA1E904241006AF533 /* SchemaTests.m */,
			);
			path = Schema;
			sourceTree = "<group>";
		};
		E0A0CDF81E016B1500942AE5 /* Transactions */ = {
			isa = PBXGroup;
			children = (
				E0A0CDF91E016B1500942AE5 /* Transactions.h */,
				E0A0CDFA1E016B1500942AE5 /* Transactions.m */,
			);
			path = Transactions;
			sourceTree = "<group>";
		};
		E0F4133D1CF6312A0085166C = {
			isa = PBXGroup;
			children = (
				3AF67EFB20FEF8DF0013FA97 /* SharkORM.modulemap */,
				3AF67FC320FEF91C0013FA97 /* SharkORM.podspec */,
				3AF67FC520FEF9270013FA97 /* CHANGELOG.md */,
				3AF67FC620FEF9270013FA97 /* README.md */,
				E0F413491CF6312A0085166C /* SharkORM */,
				E0F413551CF6312A0085166C /* SharkORMTests */,
				E0F413481CF6312A0085166C /* Products */,
			);
			sourceTree = "<group>";
		};
		E0F413481CF6312A0085166C /* Products */ = {
			isa = PBXGroup;
			children = (
				E0F413471CF6312A0085166C /* SharkORM.framework */,
				E0F413511CF6312A0085166C /* SharkORMTests.xctest */,
			);
			name = Products;
			sourceTree = "<group>";
		};
		E0F413491CF6312A0085166C /* SharkORM */ = {
			isa = PBXGroup;
			children = (
				3AF67F2920FEF9140013FA97 /* Core */,
				3AF67EFC20FEF9140013FA97 /* Private */,
				3AF67F2320FEF9140013FA97 /* SharkORM.h */,
				3AF67F2420FEF9140013FA97 /* SQLite */,
				3AF67F0720FEF9140013FA97 /* Sync */,
				E0F4134C1CF6312A0085166C /* Info.plist */,
			);
			path = SharkORM;
			sourceTree = "<group>";
		};
		E0F413551CF6312A0085166C /* SharkORMTests */ = {
			isa = PBXGroup;
			children = (
				3A7C48012101DA2A0040B6A4 /* Raw Queries */,
				3AF3C99D20FF7CFB00D50B5E /* Sync */,
				E00320601CFB8EA000240C44 /* BaseTestCase.h */,
				E0F413561CF6312A0085166C /* BaseTestCase.m */,
				E07EFCD81E904119006AF533 /* Schema */,
				E00320321CFA58FF00240C44 /* Events Test */,
				E040B5BC1D1479CF00FCC830 /* Examples */,
				E0F413581CF6312A0085166C /* Info.plist */,
				E040B5C01D1496FB00FCC830 /* Joins */,
				E00320331CFA58FF00240C44 /* Multithread Tests */,
				3A44877B1D1E856400BD9CB5 /* Other Tests */,
				E00320341CFA58FF00240C44 /* Performance Tests */,
				E00320351CFA58FF00240C44 /* Persistence Tests */,
				E00320361CFA58FF00240C44 /* Query Tests */,
				E00320371CFA58FF00240C44 /* Relationship Tests */,
				E00320381CFA58FF00240C44 /* Sample Objects */,
				E0F413FB1CF632F80085166C /* SharkORMTests-Bridging-Header.h */,
				E0215CA11D195B3800876ABC /* Subclass Tests */,
				E00320581CFA5D0000240C44 /* Tests.h */,
				E0A0CDF81E016B1500942AE5 /* Transactions */,
			);
			path = SharkORMTests;
			sourceTree = "<group>";
		};
/* End PBXGroup section */

/* Begin PBXHeadersBuildPhase section */
		E0F413441CF6312A0085166C /* Headers */ = {
			isa = PBXHeadersBuildPhase;
			buildActionMask = 2147483647;
			files = (
				3AF67F8920FEF9140013FA97 /* SharkORM.h in Headers */,
				3AF67F6720FEF9140013FA97 /* SRKCommitOptions+Private.h in Headers */,
				3AF67F6820FEF9140013FA97 /* SRKResultSet+Private.h in Headers */,
				3AF67FAC20FEF9140013FA97 /* SRKEntityChain.h in Headers */,
				3AF67F7420FEF9140013FA97 /* SRKDefunctObject.h in Headers */,
				3AF67FBD20FEF9140013FA97 /* SRKEventBlockHolder.h in Headers */,
				3AF67F6D20FEF9140013FA97 /* SRKQuery+Private.h in Headers */,
				3AF67FB220FEF9140013FA97 /* SRKRegistry.h in Headers */,
				3AF67F9820FEF9140013FA97 /* SRKSQLiteHandle.h in Headers */,
				3AF67F9520FEF9140013FA97 /* SRKJoinObject.h in Headers */,
				3AF67F7F20FEF9140013FA97 /* SRKSyncNodesList.h in Headers */,
				3AF67F7E20FEF9140013FA97 /* SyncNetwork.h in Headers */,
				3AF67F6920FEF9140013FA97 /* SRKEntity+Private.h in Headers */,
				3AF67FB320FEF9140013FA97 /* SRKRegistryEntry.h in Headers */,
				3AF67F8620FEF9140013FA97 /* SharkSyncChange.h in Headers */,
				3AF67F6520FEF9140013FA97 /* SRKTransaction+Private.h in Headers */,
				3AF67F6F20FEF9140013FA97 /* SharkSync+Private.h in Headers */,
				3AF67FB620FEF9140013FA97 /* SRKRelationship.h in Headers */,
				3AF67FA120FEF9140013FA97 /* SRKTransactionInfo.h in Headers */,
				3AF67F8420FEF9140013FA97 /* SRKSyncOptions.h in Headers */,
				3AF67F6620FEF9140013FA97 /* SRKIndexDefinition+Private.h in Headers */,
				3AF67F9920FEF9140013FA97 /* SRKDefinitions.h in Headers */,
				3AF67F7020FEF9140013FA97 /* SRKSyncRegisteredClass.h in Headers */,
				3AF67F7620FEF9140013FA97 /* SyncService.h in Headers */,
				3AF67FAD20FEF9140013FA97 /* SRKEncryptedObject.h in Headers */,
				3AF67F8320FEF9140013FA97 /* SRKDeferredChange.h in Headers */,
				3AF67F6C20FEF9140013FA97 /* SRKEventHandler+Private.h in Headers */,
				3AECC6CC215D28A500D2870A /* SharkSyncChanges+Private.h in Headers */,
				3AF67F8020FEF9140013FA97 /* SharkSyncGroup.h in Headers */,
				3AF67FBE20FEF9140013FA97 /* SRKEventRegistryObject.h in Headers */,
				3AF67FA320FEF9140013FA97 /* SRKUtilities.h in Headers */,
				3AF67FAA20FEF9140013FA97 /* SRKUnsupportedObject.h in Headers */,
				3AF67FA220FEF9140013FA97 /* SRKLazyLoader.h in Headers */,
				3AF67FB120FEF9140013FA97 /* SRKAES256Extension.h in Headers */,
				3AF67F8D20FEF9140013FA97 /* sqlite3ext.h in Headers */,
				3AF67FC120FEF9140013FA97 /* SRKGlobals.h in Headers */,
				3AF67F6B20FEF9140013FA97 /* SharkORM+Private.h in Headers */,
				3AF67F7B20FEF9140013FA97 /* SyncRequest.h in Headers */,
				3AF67F8820FEF9140013FA97 /* SRKSyncObject+Private.h in Headers */,
				3AF67F9F20FEF9140013FA97 /* SRKContext.h in Headers */,
				3AF67F7C20FEF9140013FA97 /* SyncComms.h in Headers */,
				3AF67F6E20FEF9140013FA97 /* SRKQueryAsyncHandler+Private.h in Headers */,
				3AF67F6A20FEF9140013FA97 /* SRKCompoundIndex+Private.h in Headers */,
				3AF67F9120FEF9140013FA97 /* SharkSchemaManager.h in Headers */,
				3AF67F8C20FEF9140013FA97 /* sqlite3.h in Headers */,
			);
			runOnlyForDeploymentPostprocessing = 0;
		};
/* End PBXHeadersBuildPhase section */

/* Begin PBXNativeTarget section */
		E0F413461CF6312A0085166C /* SharkORM */ = {
			isa = PBXNativeTarget;
			buildConfigurationList = E0F4135B1CF6312A0085166C /* Build configuration list for PBXNativeTarget "SharkORM" */;
			buildPhases = (
				E0F413421CF6312A0085166C /* Sources */,
				E0F413431CF6312A0085166C /* Frameworks */,
				E0F413441CF6312A0085166C /* Headers */,
				E0F413451CF6312A0085166C /* Resources */,
			);
			buildRules = (
			);
			dependencies = (
			);
			name = SharkORM;
			productName = SharkORM;
			productReference = E0F413471CF6312A0085166C /* SharkORM.framework */;
			productType = "com.apple.product-type.framework";
		};
		E0F413501CF6312A0085166C /* SharkORMTests */ = {
			isa = PBXNativeTarget;
			buildConfigurationList = E0F4135E1CF6312A0085166C /* Build configuration list for PBXNativeTarget "SharkORMTests" */;
			buildPhases = (
				E0F4134D1CF6312A0085166C /* Sources */,
				E0F4134E1CF6312A0085166C /* Frameworks */,
				E0F4134F1CF6312A0085166C /* Resources */,
			);
			buildRules = (
			);
			dependencies = (
				E0F413541CF6312A0085166C /* PBXTargetDependency */,
			);
			name = SharkORMTests;
			productName = SharkORMTests;
			productReference = E0F413511CF6312A0085166C /* SharkORMTests.xctest */;
			productType = "com.apple.product-type.bundle.unit-test";
		};
/* End PBXNativeTarget section */

/* Begin PBXProject section */
		E0F4133E1CF6312A0085166C /* Project object */ = {
			isa = PBXProject;
			attributes = {
				LastSwiftUpdateCheck = 0730;
				LastUpgradeCheck = 0800;
				ORGANIZATIONNAME = "Adrian Herridge";
				TargetAttributes = {
					E0F413461CF6312A0085166C = {
						CreatedOnToolsVersion = 7.3.1;
						LastSwiftMigration = 0830;
					};
					E0F413501CF6312A0085166C = {
						CreatedOnToolsVersion = 7.3.1;
						LastSwiftMigration = 0830;
					};
				};
			};
			buildConfigurationList = E0F413411CF6312A0085166C /* Build configuration list for PBXProject "SharkORM" */;
			compatibilityVersion = "Xcode 3.2";
			developmentRegion = English;
			hasScannedForEncodings = 0;
			knownRegions = (
				en,
				Base,
			);
			mainGroup = E0F4133D1CF6312A0085166C;
			productRefGroup = E0F413481CF6312A0085166C /* Products */;
			projectDirPath = "";
			projectRoot = "";
			targets = (
				E0F413461CF6312A0085166C /* SharkORM */,
				E0F413501CF6312A0085166C /* SharkORMTests */,
			);
		};
/* End PBXProject section */

/* Begin PBXResourcesBuildPhase section */
		E0F413451CF6312A0085166C /* Resources */ = {
			isa = PBXResourcesBuildPhase;
			buildActionMask = 2147483647;
			files = (
				3AF67F8B20FEF9140013FA97 /* sqlite mods.txt in Resources */,
				3AF67FC720FEF9270013FA97 /* CHANGELOG.md in Resources */,
				3AF67FC820FEF9270013FA97 /* README.md in Resources */,
				3AF67FC420FEF91D0013FA97 /* SharkORM.podspec in Resources */,
			);
			runOnlyForDeploymentPostprocessing = 0;
		};
		E0F4134F1CF6312A0085166C /* Resources */ = {
			isa = PBXResourcesBuildPhase;
			buildActionMask = 2147483647;
			files = (
			);
			runOnlyForDeploymentPostprocessing = 0;
		};
/* End PBXResourcesBuildPhase section */

/* Begin PBXSourcesBuildPhase section */
		E0F413421CF6312A0085166C /* Sources */ = {
			isa = PBXSourcesBuildPhase;
			buildActionMask = 2147483647;
			files = (
				3AF67FB420FEF9140013FA97 /* SRKRegistryEntry.m in Sources */,
				3AECC6CB215D28A500D2870A /* SharkSyncChanges.m in Sources */,
				3AF67F9220FEF9140013FA97 /* SRKRelationship.m in Sources */,
				3AF67FAF20FEF9140013FA97 /* SRKEntity.m in Sources */,
				3AF67F7820FEF9140013FA97 /* SyncRequest.m in Sources */,
				3AF67F8F20FEF9140013FA97 /* SRKLazyLoader.m in Sources */,
				3AF67FA520FEF9140013FA97 /* SRKEntityChain.m in Sources */,
				3AF67F7520FEF9140013FA97 /* SRKSyncOptions.m in Sources */,
				3AF67F8120FEF9140013FA97 /* SRKSyncRegisteredClass.m in Sources */,
				3A9B3ADF210820A30078CE8F /* SharkSyncChanges.m in Sources */,
				3AF67FBB20FEF9140013FA97 /* SRKEventHandler.m in Sources */,
				3AF67FA820FEF9140013FA97 /* SRKResultSet.m in Sources */,
				3AF67FAB20FEF9140013FA97 /* SRKAES256Extension.m in Sources */,
				3AF67F7120FEF9140013FA97 /* SRKSyncObject.m in Sources */,
				3AF67FA420FEF9140013FA97 /* SRKEncryptedObject.m in Sources */,
				3AF67FC220FEF9140013FA97 /* SRKSQLiteHandle.m in Sources */,
				3AF67FB820FEF9140013FA97 /* SRKIndexProperty.m in Sources */,
				3AF67F8E20FEF9140013FA97 /* SharkORM.m in Sources */,
				3AF67F9A20FEF9140013FA97 /* SRKGlobals.m in Sources */,
				3AF67F9320FEF9140013FA97 /* SRKJoinObject.m in Sources */,
				3AF67FBC20FEF9140013FA97 /* SRKEventRegistryObject.m in Sources */,
				3AF67F7320FEF9140013FA97 /* SharkSyncChange.m in Sources */,
				3AF67F9020FEF9140013FA97 /* SRKUtilities.m in Sources */,
				3AF67FB520FEF9140013FA97 /* SRKRegistry.m in Sources */,
				3AF67F8A20FEF9140013FA97 /* sqlite3.c in Sources */,
				3AF67FB020FEF9140013FA97 /* SRKObject.m in Sources */,
				3AF67F9420FEF9140013FA97 /* SRKQueryProfile.m in Sources */,
				3AF67FAE20FEF9140013FA97 /* SRKUnsupportedObject.m in Sources */,
				3AF67FB720FEF9140013FA97 /* SRKCompoundIndex.m in Sources */,
				3AF67F8520FEF9140013FA97 /* SRKDefunctObject.m in Sources */,
				3AF67F7220FEF9140013FA97 /* SRKDeferredChange.m in Sources */,
				3AF67F7920FEF9140013FA97 /* SyncNetwork.m in Sources */,
				3AF67FA720FEF9140013FA97 /* SRKCommitOptions.m in Sources */,
				3AF67F9E20FEF9140013FA97 /* SRKTransactionInfo.m in Sources */,
				3AF67F9D20FEF9140013FA97 /* SRKContext.m in Sources */,
				3AF67F9C20FEF9140013FA97 /* SRKSettings.m in Sources */,
				3AF67F9620FEF9140013FA97 /* SRKQueryAsyncHandler.m in Sources */,
				3AF67FBA20FEF9140013FA97 /* SharkSchemaManager.m in Sources */,
				3AF67F7720FEF9140013FA97 /* SyncComms.m in Sources */,
				3AF67FBF20FEF9140013FA97 /* SRKEvent.m in Sources */,
				3AF67FA020FEF9140013FA97 /* SRKTransaction.m in Sources */,
				3AF67F9720FEF9140013FA97 /* SRKQuery.m in Sources */,
				3AF67FB920FEF9140013FA97 /* SRKIndexDefinition.m in Sources */,
				3AF67F7A20FEF9140013FA97 /* SRKSyncNodesList.m in Sources */,
				3AF67FA920FEF9140013FA97 /* SRKStringObject.m in Sources */,
				3AF67F7D20FEF9140013FA97 /* SyncService.m in Sources */,
				3AF67FC020FEF9140013FA97 /* SRKEventBlockHolder.m in Sources */,
				3AF67F8720FEF9140013FA97 /* SharkSyncGroup.m in Sources */,
				3AF67F8220FEF9140013FA97 /* SharkSync.m in Sources */,
				3AF67FA620FEF9140013FA97 /* SRKRawResults.m in Sources */,
				3AF67F9B20FEF9140013FA97 /* SRKError.m in Sources */,
			);
			runOnlyForDeploymentPostprocessing = 0;
		};
		E0F4134D1CF6312A0085166C /* Sources */ = {
			isa = PBXSourcesBuildPhase;
			buildActionMask = 2147483647;
			files = (
				3A44877E1D1E857B00BD9CB5 /* OtherTests.m in Sources */,
				3AF3C9A020FF7D5900D50B5E /* SyncTest.m in Sources */,
				E07EFCDB1E904241006AF533 /* SchemaTests.m in Sources */,
				E00320481CFA58FF00240C44 /* MostObjectTypes.m in Sources */,
				E092CB081D00DBE800C6C8CD /* Performance.m in Sources */,
				E0E3ACD51D11B8B5006803F7 /* Location.m in Sources */,
				E00320491CFA58FF00240C44 /* Person.m in Sources */,
				E003204B1CFA58FF00240C44 /* StringIdRelatedObject.m in Sources */,
				3A7C48042101DA440040B6A4 /* RawQueryTests.m in Sources */,
				E003204A1CFA58FF00240C44 /* StringIdObject.m in Sources */,
				E0E3ACDB1D11C483006803F7 /* Events.m in Sources */,
				E0E3ACD21D11B80A006803F7 /* Relationship.m in Sources */,
				E0F413571CF6312A0085166C /* BaseTestCase.m in Sources */,
				E0215CA81D195C2700876ABC /* Subclass.m in Sources */,
				E040B5BF1D1479E900FCC830 /* Examples.m in Sources */,
				E003204D1CFA58FF00240C44 /* WidePerson.m in Sources */,
				E0E3ACD81D11BC6A006803F7 /* Multithreaded.m in Sources */,
				E00320631CFB8F0B00240C44 /* Persistence.m in Sources */,
				E00320471CFA58FF00240C44 /* Department.m in Sources */,
				E0A0CDFB1E016B1500942AE5 /* Transactions.m in Sources */,
				E0C450C61D10865A003FA21D /* Query.m in Sources */,
				E040B5C31D14970D00FCC830 /* Joins.m in Sources */,
				3AF3C9A320FF7D8C00D50B5E /* PersonSync.m in Sources */,
			);
			runOnlyForDeploymentPostprocessing = 0;
		};
/* End PBXSourcesBuildPhase section */

/* Begin PBXTargetDependency section */
		E0F413541CF6312A0085166C /* PBXTargetDependency */ = {
			isa = PBXTargetDependency;
			target = E0F413461CF6312A0085166C /* SharkORM */;
			targetProxy = E0F413531CF6312A0085166C /* PBXContainerItemProxy */;
		};
/* End PBXTargetDependency section */

/* Begin XCBuildConfiguration section */
		E0F413591CF6312A0085166C /* Debug */ = {
			isa = XCBuildConfiguration;
			buildSettings = {
				ALWAYS_EMBED_SWIFT_STANDARD_LIBRARIES = NO;
				ALWAYS_SEARCH_USER_PATHS = NO;
				CLANG_ANALYZER_NONNULL = YES;
				CLANG_CXX_LANGUAGE_STANDARD = "gnu++0x";
				CLANG_CXX_LIBRARY = "libc++";
				CLANG_ENABLE_MODULES = YES;
				CLANG_ENABLE_OBJC_ARC = YES;
				CLANG_WARN_BOOL_CONVERSION = YES;
				CLANG_WARN_CONSTANT_CONVERSION = YES;
				CLANG_WARN_DIRECT_OBJC_ISA_USAGE = YES_ERROR;
				CLANG_WARN_EMPTY_BODY = YES;
				CLANG_WARN_ENUM_CONVERSION = YES;
				CLANG_WARN_INFINITE_RECURSION = YES;
				CLANG_WARN_INT_CONVERSION = YES;
				CLANG_WARN_OBJC_ROOT_CLASS = YES_ERROR;
				CLANG_WARN_SUSPICIOUS_MOVE = YES;
				CLANG_WARN_UNREACHABLE_CODE = YES;
				CLANG_WARN__DUPLICATE_METHOD_MATCH = YES;
				"CODE_SIGN_IDENTITY[sdk=iphoneos*]" = "iPhone Developer";
				COPY_PHASE_STRIP = NO;
				CURRENT_PROJECT_VERSION = 1;
				DEBUG_INFORMATION_FORMAT = dwarf;
				ENABLE_STRICT_OBJC_MSGSEND = YES;
				ENABLE_TESTABILITY = YES;
				GCC_C_LANGUAGE_STANDARD = gnu99;
				GCC_DYNAMIC_NO_PIC = NO;
				GCC_NO_COMMON_BLOCKS = YES;
				GCC_OPTIMIZATION_LEVEL = 0;
				GCC_PREPROCESSOR_DEFINITIONS = (
					"DEBUG=1",
					"$(inherited)",
				);
				GCC_WARN_64_TO_32_BIT_CONVERSION = YES;
				GCC_WARN_ABOUT_RETURN_TYPE = YES_ERROR;
				GCC_WARN_UNDECLARED_SELECTOR = YES;
				GCC_WARN_UNINITIALIZED_AUTOS = YES_AGGRESSIVE;
				GCC_WARN_UNUSED_FUNCTION = YES;
				GCC_WARN_UNUSED_VARIABLE = YES;
				IPHONEOS_DEPLOYMENT_TARGET = 9.3;
				MACH_O_TYPE = staticlib;
				MODULEMAP_FILE = ./SharkORM/SharkORM.modulemap;
				MODULE_NAME = SharkORM;
				MTL_ENABLE_DEBUG_INFO = YES;
				ONLY_ACTIVE_ARCH = YES;
				SDKROOT = iphoneos;
				SWIFT_VERSION = 3.0;
				TARGETED_DEVICE_FAMILY = "1,2";
				VERSIONING_SYSTEM = "apple-generic";
				VERSION_INFO_PREFIX = "";
			};
			name = Debug;
		};
		E0F4135A1CF6312A0085166C /* Release */ = {
			isa = XCBuildConfiguration;
			buildSettings = {
				ALWAYS_EMBED_SWIFT_STANDARD_LIBRARIES = NO;
				ALWAYS_SEARCH_USER_PATHS = NO;
				CLANG_ANALYZER_NONNULL = YES;
				CLANG_CXX_LANGUAGE_STANDARD = "gnu++0x";
				CLANG_CXX_LIBRARY = "libc++";
				CLANG_ENABLE_MODULES = YES;
				CLANG_ENABLE_OBJC_ARC = YES;
				CLANG_WARN_BOOL_CONVERSION = YES;
				CLANG_WARN_CONSTANT_CONVERSION = YES;
				CLANG_WARN_DIRECT_OBJC_ISA_USAGE = YES_ERROR;
				CLANG_WARN_EMPTY_BODY = YES;
				CLANG_WARN_ENUM_CONVERSION = YES;
				CLANG_WARN_INFINITE_RECURSION = YES;
				CLANG_WARN_INT_CONVERSION = YES;
				CLANG_WARN_OBJC_ROOT_CLASS = YES_ERROR;
				CLANG_WARN_SUSPICIOUS_MOVE = YES;
				CLANG_WARN_UNREACHABLE_CODE = YES;
				CLANG_WARN__DUPLICATE_METHOD_MATCH = YES;
				"CODE_SIGN_IDENTITY[sdk=iphoneos*]" = "iPhone Developer";
				COPY_PHASE_STRIP = NO;
				CURRENT_PROJECT_VERSION = 1;
				DEBUG_INFORMATION_FORMAT = "dwarf-with-dsym";
				ENABLE_NS_ASSERTIONS = NO;
				ENABLE_STRICT_OBJC_MSGSEND = YES;
				GCC_C_LANGUAGE_STANDARD = gnu99;
				GCC_NO_COMMON_BLOCKS = YES;
				GCC_WARN_64_TO_32_BIT_CONVERSION = YES;
				GCC_WARN_ABOUT_RETURN_TYPE = YES_ERROR;
				GCC_WARN_UNDECLARED_SELECTOR = YES;
				GCC_WARN_UNINITIALIZED_AUTOS = YES_AGGRESSIVE;
				GCC_WARN_UNUSED_FUNCTION = YES;
				GCC_WARN_UNUSED_VARIABLE = YES;
				IPHONEOS_DEPLOYMENT_TARGET = 9.3;
				MACH_O_TYPE = staticlib;
				MODULEMAP_FILE = ./SharkORM/SharkORM.modulemap;
				MODULE_NAME = SharkORM;
				MTL_ENABLE_DEBUG_INFO = NO;
				SDKROOT = iphoneos;
				SWIFT_OPTIMIZATION_LEVEL = "-Owholemodule";
				SWIFT_VERSION = 3.0;
				TARGETED_DEVICE_FAMILY = "1,2";
				VALIDATE_PRODUCT = YES;
				VERSIONING_SYSTEM = "apple-generic";
				VERSION_INFO_PREFIX = "";
			};
			name = Release;
		};
		E0F4135C1CF6312A0085166C /* Debug */ = {
			isa = XCBuildConfiguration;
			buildSettings = {
				"CODE_SIGN_IDENTITY[sdk=iphoneos*]" = "";
				DEFINES_MODULE = YES;
				DYLIB_COMPATIBILITY_VERSION = 1;
				DYLIB_CURRENT_VERSION = 1;
				GENERATE_PKGINFO_FILE = YES;
				INFOPLIST_FILE = SharkORM/Info.plist;
				INSTALL_PATH = "$(LOCAL_LIBRARY_DIR)/Frameworks";
				IPHONEOS_DEPLOYMENT_TARGET = 8.0;
				ONLY_ACTIVE_ARCH = NO;
				PRODUCT_BUNDLE_IDENTIFIER = io.sharksync.sharmorm;
				PRODUCT_NAME = "$(TARGET_NAME)";
				SKIP_INSTALL = YES;
				SWIFT_VERSION = 3.0;
				TARGETED_DEVICE_FAMILY = "1,2";
				VALID_ARCHS = "arm64 armv7 armv7s x86_64 i386";
			};
			name = Debug;
		};
		E0F4135D1CF6312A0085166C /* Release */ = {
			isa = XCBuildConfiguration;
			buildSettings = {
				"CODE_SIGN_IDENTITY[sdk=iphoneos*]" = "";
				DEFINES_MODULE = YES;
				DYLIB_COMPATIBILITY_VERSION = 1;
				DYLIB_CURRENT_VERSION = 1;
				GENERATE_PKGINFO_FILE = YES;
				INFOPLIST_FILE = SharkORM/Info.plist;
				INSTALL_PATH = "$(LOCAL_LIBRARY_DIR)/Frameworks";
				IPHONEOS_DEPLOYMENT_TARGET = 8.0;
				PRODUCT_BUNDLE_IDENTIFIER = io.sharksync.sharmorm;
				PRODUCT_NAME = "$(TARGET_NAME)";
				SKIP_INSTALL = YES;
				SWIFT_VERSION = 3.0;
				TARGETED_DEVICE_FAMILY = "1,2";
				VALID_ARCHS = "arm64 armv7 armv7s x86_64 i386";
			};
			name = Release;
		};
		E0F4135F1CF6312A0085166C /* Debug */ = {
			isa = XCBuildConfiguration;
			buildSettings = {
				CLANG_ENABLE_MODULES = YES;
				INFOPLIST_FILE = SharkORMTests/Info.plist;
				LD_RUNPATH_SEARCH_PATHS = "$(inherited) @executable_path/Frameworks @loader_path/Frameworks";
				MACH_O_TYPE = mh_dylib;
				PRODUCT_BUNDLE_IDENTIFIER = sharksync.SharkORMTests;
				PRODUCT_NAME = "$(TARGET_NAME)";
				SWIFT_OBJC_BRIDGING_HEADER = "SharkORMTests/SharkORMTests-Bridging-Header.h";
				SWIFT_OPTIMIZATION_LEVEL = "-Onone";
				SWIFT_VERSION = 3.0;
			};
			name = Debug;
		};
		E0F413601CF6312A0085166C /* Release */ = {
			isa = XCBuildConfiguration;
			buildSettings = {
				CLANG_ENABLE_MODULES = YES;
				INFOPLIST_FILE = SharkORMTests/Info.plist;
				LD_RUNPATH_SEARCH_PATHS = "$(inherited) @executable_path/Frameworks @loader_path/Frameworks";
				MACH_O_TYPE = mh_dylib;
				PRODUCT_BUNDLE_IDENTIFIER = sharksync.SharkORMTests;
				PRODUCT_NAME = "$(TARGET_NAME)";
				SWIFT_OBJC_BRIDGING_HEADER = "SharkORMTests/SharkORMTests-Bridging-Header.h";
				SWIFT_VERSION = 3.0;
			};
			name = Release;
		};
/* End XCBuildConfiguration section */

/* Begin XCConfigurationList section */
		E0F413411CF6312A0085166C /* Build configuration list for PBXProject "SharkORM" */ = {
			isa = XCConfigurationList;
			buildConfigurations = (
				E0F413591CF6312A0085166C /* Debug */,
				E0F4135A1CF6312A0085166C /* Release */,
			);
			defaultConfigurationIsVisible = 0;
			defaultConfigurationName = Release;
		};
		E0F4135B1CF6312A0085166C /* Build configuration list for PBXNativeTarget "SharkORM" */ = {
			isa = XCConfigurationList;
			buildConfigurations = (
				E0F4135C1CF6312A0085166C /* Debug */,
				E0F4135D1CF6312A0085166C /* Release */,
			);
			defaultConfigurationIsVisible = 0;
			defaultConfigurationName = Release;
		};
		E0F4135E1CF6312A0085166C /* Build configuration list for PBXNativeTarget "SharkORMTests" */ = {
			isa = XCConfigurationList;
			buildConfigurations = (
				E0F4135F1CF6312A0085166C /* Debug */,
				E0F413601CF6312A0085166C /* Release */,
			);
			defaultConfigurationIsVisible = 0;
			defaultConfigurationName = Release;
		};
/* End XCConfigurationList section */
	};
	rootObject = E0F4133E1CF6312A0085166C /* Project object */;
}
